
Microsoft Visual Studio Solution File, Format Version 12.00
# Visual Studio 15
VisualStudioVersion = 15.0.26430.16
MinimumVisualStudioVersion = 10.0.40219.1
Project("{2150E333-8FDC-42A3-9474-1A3956D46DE8}") = "GUI", "GUI", "{A08B0B2A-F85E-49B7-AE03-A15C0C2BE1AF}"
EndProject
Project("{FAE04EC0-301F-11D3-BF4B-00C04F79EFBC}") = "LOLApiAdapter", "LOLApiAdapter\LOLApiAdapter.csproj", "{38B5D669-3802-4315-B212-BF220E6E89CE}"
EndProject
Project("{FAE04EC0-301F-11D3-BF4B-00C04F79EFBC}") = "LoLApiTester", "LoLApiTester\LoLApiTester.csproj", "{D1624856-72C0-4542-9E82-8A9BB3EAB89D}"
EndProject
Project("{FAE04EC0-301F-11D3-BF4B-00C04F79EFBC}") = "LoLApiParser", "LoLApiParser\LoLApiParser.csproj", "{FC11D492-6B94-473A-881A-1DD70C089721}"
EndProject
Project("{2150E333-8FDC-42A3-9474-1A3956D46DE8}") = "Base", "Base", "{AEF61F84-87E1-46AE-9CC8-84F12BAAC57E}"
EndProject
Project("{FAE04EC0-301F-11D3-BF4B-00C04F79EFBC}") = "MVVMModelLib", "..\..\Cyber\GUI\MVVMModelLib\MVVMModelLib.csproj", "{6213B744-30D0-4FC4-8F77-7D93152DECF0}"
EndProject
Project("{FAE04EC0-301F-11D3-BF4B-00C04F79EFBC}") = "WpfControlLibrary", "..\..\Cyber\GUI\WpfControlLibrary\WpfControlLibrary.csproj", "{1887DB28-8A72-4F4C-BA04-296FB5375B19}"
EndProject
Global
	GlobalSection(SolutionConfigurationPlatforms) = preSolution
		Asia|Any CPU = Asia|Any CPU
		Asia|x64 = Asia|x64
		Asia|x86 = Asia|x86
		Bears|Any CPU = Bears|Any CPU
		Bears|x64 = Bears|x64
		Bears|x86 = Bears|x86
		Bulls|Any CPU = Bulls|Any CPU
		Bulls|x64 = Bulls|x64
		Bulls|x86 = Bulls|x86
		CorrectionParser|Any CPU = CorrectionParser|Any CPU
		CorrectionParser|x64 = CorrectionParser|x64
		CorrectionParser|x86 = CorrectionParser|x86
		Cyber|Any CPU = Cyber|Any CPU
		Cyber|x64 = Cyber|x64
		Cyber|x86 = Cyber|x86
		Debug|Any CPU = Debug|Any CPU
		Debug|x64 = Debug|x64
		Debug|x86 = Debug|x86
		DebugToto15|Any CPU = DebugToto15|Any CPU
		DebugToto15|x64 = DebugToto15|x64
		DebugToto15|x86 = DebugToto15|x86
		DebugTotoCF|Any CPU = DebugTotoCF|Any CPU
		DebugTotoCF|x64 = DebugTotoCF|x64
		DebugTotoCF|x86 = DebugTotoCF|x86
		GRCash|Any CPU = GRCash|Any CPU
		GRCash|x64 = GRCash|x64
		GRCash|x86 = GRCash|x86
		ProdTelegram|Any CPU = ProdTelegram|Any CPU
		ProdTelegram|x64 = ProdTelegram|x64
		ProdTelegram|x86 = ProdTelegram|x86
		ProdWeb|Any CPU = ProdWeb|Any CPU
		ProdWeb|x64 = ProdWeb|x64
		ProdWeb|x86 = ProdWeb|x86
		Release|Any CPU = Release|Any CPU
		Release|x64 = Release|x64
		Release|x86 = Release|x86
		ReleaseCrypto|Any CPU = ReleaseCrypto|Any CPU
		ReleaseCrypto|x64 = ReleaseCrypto|x64
		ReleaseCrypto|x86 = ReleaseCrypto|x86
		ReleaseD|Any CPU = ReleaseD|Any CPU
		ReleaseD|x64 = ReleaseD|x64
		ReleaseD|x86 = ReleaseD|x86
		ReleaseDash|Any CPU = ReleaseDash|Any CPU
		ReleaseDash|x64 = ReleaseDash|x64
		ReleaseDash|x86 = ReleaseDash|x86
		ReleaseL|Any CPU = ReleaseL|Any CPU
		ReleaseL|x64 = ReleaseL|x64
		ReleaseL|x86 = ReleaseL|x86
		ReleaseToto15|Any CPU = ReleaseToto15|Any CPU
		ReleaseToto15|x64 = ReleaseToto15|x64
		ReleaseToto15|x86 = ReleaseToto15|x86
		ReleaseTotoCF|Any CPU = ReleaseTotoCF|Any CPU
		ReleaseTotoCF|x64 = ReleaseTotoCF|x64
		ReleaseTotoCF|x86 = ReleaseTotoCF|x86
		SharedRead|Any CPU = SharedRead|Any CPU
		SharedRead|x64 = SharedRead|x64
		SharedRead|x86 = SharedRead|x86
		SuperLotto|Any CPU = SuperLotto|Any CPU
		SuperLotto|x64 = SuperLotto|x64
		SuperLotto|x86 = SuperLotto|x86
		SuperLottoTest|Any CPU = SuperLottoTest|Any CPU
		SuperLottoTest|x64 = SuperLottoTest|x64
		SuperLottoTest|x86 = SuperLottoTest|x86
		Test|Any CPU = Test|Any CPU
		Test|x64 = Test|x64
		Test|x86 = Test|x86
		TestAsia|Any CPU = TestAsia|Any CPU
		TestAsia|x64 = TestAsia|x64
		TestAsia|x86 = TestAsia|x86
		TestProd|Any CPU = TestProd|Any CPU
		TestProd|x64 = TestProd|x64
		TestProd|x86 = TestProd|x86
		TestTelegram|Any CPU = TestTelegram|Any CPU
		TestTelegram|x64 = TestTelegram|x64
		TestTelegram|x86 = TestTelegram|x86
		TestWeb|Any CPU = TestWeb|Any CPU
		TestWeb|x64 = TestWeb|x64
		TestWeb|x86 = TestWeb|x86
		VivaroSlots|Any CPU = VivaroSlots|Any CPU
		VivaroSlots|x64 = VivaroSlots|x64
		VivaroSlots|x86 = VivaroSlots|x86
		Zero|Any CPU = Zero|Any CPU
		Zero|x64 = Zero|x64
		Zero|x86 = Zero|x86
	EndGlobalSection
	GlobalSection(ProjectConfigurationPlatforms) = postSolution
		{38B5D669-3802-4315-B212-BF220E6E89CE}.Asia|Any CPU.ActiveCfg = Release|Any CPU
		{38B5D669-3802-4315-B212-BF220E6E89CE}.Asia|Any CPU.Build.0 = Release|Any CPU
		{38B5D669-3802-4315-B212-BF220E6E89CE}.Asia|x64.ActiveCfg = Release|Any CPU
		{38B5D669-3802-4315-B212-BF220E6E89CE}.Asia|x64.Build.0 = Release|Any CPU
		{38B5D669-3802-4315-B212-BF220E6E89CE}.Asia|x86.ActiveCfg = Release|Any CPU
		{38B5D669-3802-4315-B212-BF220E6E89CE}.Asia|x86.Build.0 = Release|Any CPU
		{38B5D669-3802-4315-B212-BF220E6E89CE}.Bears|Any CPU.ActiveCfg = Release|Any CPU
		{38B5D669-3802-4315-B212-BF220E6E89CE}.Bears|Any CPU.Build.0 = Release|Any CPU
		{38B5D669-3802-4315-B212-BF220E6E89CE}.Bears|x64.ActiveCfg = Release|Any CPU
		{38B5D669-3802-4315-B212-BF220E6E89CE}.Bears|x64.Build.0 = Release|Any CPU
		{38B5D669-3802-4315-B212-BF220E6E89CE}.Bears|x86.ActiveCfg = Release|Any CPU
		{38B5D669-3802-4315-B212-BF220E6E89CE}.Bears|x86.Build.0 = Release|Any CPU
		{38B5D669-3802-4315-B212-BF220E6E89CE}.Bulls|Any CPU.ActiveCfg = Release|Any CPU
		{38B5D669-3802-4315-B212-BF220E6E89CE}.Bulls|Any CPU.Build.0 = Release|Any CPU
		{38B5D669-3802-4315-B212-BF220E6E89CE}.Bulls|x64.ActiveCfg = Release|Any CPU
		{38B5D669-3802-4315-B212-BF220E6E89CE}.Bulls|x64.Build.0 = Release|Any CPU
		{38B5D669-3802-4315-B212-BF220E6E89CE}.Bulls|x86.ActiveCfg = Release|Any CPU
		{38B5D669-3802-4315-B212-BF220E6E89CE}.Bulls|x86.Build.0 = Release|Any CPU
		{38B5D669-3802-4315-B212-BF220E6E89CE}.CorrectionParser|Any CPU.ActiveCfg = Release|Any CPU
		{38B5D669-3802-4315-B212-BF220E6E89CE}.CorrectionParser|Any CPU.Build.0 = Release|Any CPU
		{38B5D669-3802-4315-B212-BF220E6E89CE}.CorrectionParser|x64.ActiveCfg = Release|Any CPU
		{38B5D669-3802-4315-B212-BF220E6E89CE}.CorrectionParser|x64.Build.0 = Release|Any CPU
		{38B5D669-3802-4315-B212-BF220E6E89CE}.CorrectionParser|x86.ActiveCfg = Release|Any CPU
		{38B5D669-3802-4315-B212-BF220E6E89CE}.CorrectionParser|x86.Build.0 = Release|Any CPU
		{38B5D669-3802-4315-B212-BF220E6E89CE}.Cyber|Any CPU.ActiveCfg = Release|Any CPU
		{38B5D669-3802-4315-B212-BF220E6E89CE}.Cyber|Any CPU.Build.0 = Release|Any CPU
		{38B5D669-3802-4315-B212-BF220E6E89CE}.Cyber|x64.ActiveCfg = Release|Any CPU
		{38B5D669-3802-4315-B212-BF220E6E89CE}.Cyber|x64.Build.0 = Release|Any CPU
		{38B5D669-3802-4315-B212-BF220E6E89CE}.Cyber|x86.ActiveCfg = Release|Any CPU
		{38B5D669-3802-4315-B212-BF220E6E89CE}.Cyber|x86.Build.0 = Release|Any CPU
		{38B5D669-3802-4315-B212-BF220E6E89CE}.Debug|Any CPU.ActiveCfg = Debug|Any CPU
		{38B5D669-3802-4315-B212-BF220E6E89CE}.Debug|Any CPU.Build.0 = Debug|Any CPU
		{38B5D669-3802-4315-B212-BF220E6E89CE}.Debug|x64.ActiveCfg = Debug|Any CPU
		{38B5D669-3802-4315-B212-BF220E6E89CE}.Debug|x64.Build.0 = Debug|Any CPU
		{38B5D669-3802-4315-B212-BF220E6E89CE}.Debug|x86.ActiveCfg = Debug|Any CPU
		{38B5D669-3802-4315-B212-BF220E6E89CE}.Debug|x86.Build.0 = Debug|Any CPU
		{38B5D669-3802-4315-B212-BF220E6E89CE}.DebugToto15|Any CPU.ActiveCfg = Debug|Any CPU
		{38B5D669-3802-4315-B212-BF220E6E89CE}.DebugToto15|Any CPU.Build.0 = Debug|Any CPU
		{38B5D669-3802-4315-B212-BF220E6E89CE}.DebugToto15|x64.ActiveCfg = Debug|Any CPU
		{38B5D669-3802-4315-B212-BF220E6E89CE}.DebugToto15|x64.Build.0 = Debug|Any CPU
		{38B5D669-3802-4315-B212-BF220E6E89CE}.DebugToto15|x86.ActiveCfg = Debug|Any CPU
		{38B5D669-3802-4315-B212-BF220E6E89CE}.DebugToto15|x86.Build.0 = Debug|Any CPU
		{38B5D669-3802-4315-B212-BF220E6E89CE}.DebugTotoCF|Any CPU.ActiveCfg = Debug|Any CPU
		{38B5D669-3802-4315-B212-BF220E6E89CE}.DebugTotoCF|Any CPU.Build.0 = Debug|Any CPU
		{38B5D669-3802-4315-B212-BF220E6E89CE}.DebugTotoCF|x64.ActiveCfg = Debug|Any CPU
		{38B5D669-3802-4315-B212-BF220E6E89CE}.DebugTotoCF|x64.Build.0 = Debug|Any CPU
		{38B5D669-3802-4315-B212-BF220E6E89CE}.DebugTotoCF|x86.ActiveCfg = Debug|Any CPU
		{38B5D669-3802-4315-B212-BF220E6E89CE}.DebugTotoCF|x86.Build.0 = Debug|Any CPU
		{38B5D669-3802-4315-B212-BF220E6E89CE}.GRCash|Any CPU.ActiveCfg = Release|Any CPU
		{38B5D669-3802-4315-B212-BF220E6E89CE}.GRCash|Any CPU.Build.0 = Release|Any CPU
		{38B5D669-3802-4315-B212-BF220E6E89CE}.GRCash|x64.ActiveCfg = Release|Any CPU
		{38B5D669-3802-4315-B212-BF220E6E89CE}.GRCash|x64.Build.0 = Release|Any CPU
		{38B5D669-3802-4315-B212-BF220E6E89CE}.GRCash|x86.ActiveCfg = Release|Any CPU
		{38B5D669-3802-4315-B212-BF220E6E89CE}.GRCash|x86.Build.0 = Release|Any CPU
		{38B5D669-3802-4315-B212-BF220E6E89CE}.ProdTelegram|Any CPU.ActiveCfg = Release|Any CPU
		{38B5D669-3802-4315-B212-BF220E6E89CE}.ProdTelegram|Any CPU.Build.0 = Release|Any CPU
		{38B5D669-3802-4315-B212-BF220E6E89CE}.ProdTelegram|x64.ActiveCfg = Release|Any CPU
		{38B5D669-3802-4315-B212-BF220E6E89CE}.ProdTelegram|x64.Build.0 = Release|Any CPU
		{38B5D669-3802-4315-B212-BF220E6E89CE}.ProdTelegram|x86.ActiveCfg = Release|Any CPU
		{38B5D669-3802-4315-B212-BF220E6E89CE}.ProdTelegram|x86.Build.0 = Release|Any CPU
		{38B5D669-3802-4315-B212-BF220E6E89CE}.ProdWeb|Any CPU.ActiveCfg = Release|Any CPU
		{38B5D669-3802-4315-B212-BF220E6E89CE}.ProdWeb|Any CPU.Build.0 = Release|Any CPU
		{38B5D669-3802-4315-B212-BF220E6E89CE}.ProdWeb|x64.ActiveCfg = Release|Any CPU
		{38B5D669-3802-4315-B212-BF220E6E89CE}.ProdWeb|x64.Build.0 = Release|Any CPU
		{38B5D669-3802-4315-B212-BF220E6E89CE}.ProdWeb|x86.ActiveCfg = Release|Any CPU
		{38B5D669-3802-4315-B212-BF220E6E89CE}.ProdWeb|x86.Build.0 = Release|Any CPU
		{38B5D669-3802-4315-B212-BF220E6E89CE}.Release|Any CPU.ActiveCfg = Release|Any CPU
		{38B5D669-3802-4315-B212-BF220E6E89CE}.Release|Any CPU.Build.0 = Release|Any CPU
		{38B5D669-3802-4315-B212-BF220E6E89CE}.Release|x64.ActiveCfg = Release|Any CPU
		{38B5D669-3802-4315-B212-BF220E6E89CE}.Release|x64.Build.0 = Release|Any CPU
		{38B5D669-3802-4315-B212-BF220E6E89CE}.Release|x86.ActiveCfg = Release|Any CPU
		{38B5D669-3802-4315-B212-BF220E6E89CE}.Release|x86.Build.0 = Release|Any CPU
		{38B5D669-3802-4315-B212-BF220E6E89CE}.ReleaseCrypto|Any CPU.ActiveCfg = Release|Any CPU
		{38B5D669-3802-4315-B212-BF220E6E89CE}.ReleaseCrypto|Any CPU.Build.0 = Release|Any CPU
		{38B5D669-3802-4315-B212-BF220E6E89CE}.ReleaseCrypto|x64.ActiveCfg = Release|Any CPU
		{38B5D669-3802-4315-B212-BF220E6E89CE}.ReleaseCrypto|x64.Build.0 = Release|Any CPU
		{38B5D669-3802-4315-B212-BF220E6E89CE}.ReleaseCrypto|x86.ActiveCfg = Release|Any CPU
		{38B5D669-3802-4315-B212-BF220E6E89CE}.ReleaseCrypto|x86.Build.0 = Release|Any CPU
		{38B5D669-3802-4315-B212-BF220E6E89CE}.ReleaseD|Any CPU.ActiveCfg = Release|Any CPU
		{38B5D669-3802-4315-B212-BF220E6E89CE}.ReleaseD|Any CPU.Build.0 = Release|Any CPU
		{38B5D669-3802-4315-B212-BF220E6E89CE}.ReleaseD|x64.ActiveCfg = Release|Any CPU
		{38B5D669-3802-4315-B212-BF220E6E89CE}.ReleaseD|x64.Build.0 = Release|Any CPU
		{38B5D669-3802-4315-B212-BF220E6E89CE}.ReleaseD|x86.ActiveCfg = Release|Any CPU
		{38B5D669-3802-4315-B212-BF220E6E89CE}.ReleaseD|x86.Build.0 = Release|Any CPU
		{38B5D669-3802-4315-B212-BF220E6E89CE}.ReleaseDash|Any CPU.ActiveCfg = Release|Any CPU
		{38B5D669-3802-4315-B212-BF220E6E89CE}.ReleaseDash|Any CPU.Build.0 = Release|Any CPU
		{38B5D669-3802-4315-B212-BF220E6E89CE}.ReleaseDash|x64.ActiveCfg = Release|Any CPU
		{38B5D669-3802-4315-B212-BF220E6E89CE}.ReleaseDash|x64.Build.0 = Release|Any CPU
		{38B5D669-3802-4315-B212-BF220E6E89CE}.ReleaseDash|x86.ActiveCfg = Release|Any CPU
		{38B5D669-3802-4315-B212-BF220E6E89CE}.ReleaseDash|x86.Build.0 = Release|Any CPU
		{38B5D669-3802-4315-B212-BF220E6E89CE}.ReleaseL|Any CPU.ActiveCfg = Release|Any CPU
		{38B5D669-3802-4315-B212-BF220E6E89CE}.ReleaseL|Any CPU.Build.0 = Release|Any CPU
		{38B5D669-3802-4315-B212-BF220E6E89CE}.ReleaseL|x64.ActiveCfg = Release|Any CPU
		{38B5D669-3802-4315-B212-BF220E6E89CE}.ReleaseL|x64.Build.0 = Release|Any CPU
		{38B5D669-3802-4315-B212-BF220E6E89CE}.ReleaseL|x86.ActiveCfg = Release|Any CPU
		{38B5D669-3802-4315-B212-BF220E6E89CE}.ReleaseL|x86.Build.0 = Release|Any CPU
		{38B5D669-3802-4315-B212-BF220E6E89CE}.ReleaseToto15|Any CPU.ActiveCfg = Release|Any CPU
		{38B5D669-3802-4315-B212-BF220E6E89CE}.ReleaseToto15|Any CPU.Build.0 = Release|Any CPU
		{38B5D669-3802-4315-B212-BF220E6E89CE}.ReleaseToto15|x64.ActiveCfg = Release|Any CPU
		{38B5D669-3802-4315-B212-BF220E6E89CE}.ReleaseToto15|x64.Build.0 = Release|Any CPU
		{38B5D669-3802-4315-B212-BF220E6E89CE}.ReleaseToto15|x86.ActiveCfg = Release|Any CPU
		{38B5D669-3802-4315-B212-BF220E6E89CE}.ReleaseToto15|x86.Build.0 = Release|Any CPU
		{38B5D669-3802-4315-B212-BF220E6E89CE}.ReleaseTotoCF|Any CPU.ActiveCfg = Release|Any CPU
		{38B5D669-3802-4315-B212-BF220E6E89CE}.ReleaseTotoCF|Any CPU.Build.0 = Release|Any CPU
		{38B5D669-3802-4315-B212-BF220E6E89CE}.ReleaseTotoCF|x64.ActiveCfg = Release|Any CPU
		{38B5D669-3802-4315-B212-BF220E6E89CE}.ReleaseTotoCF|x64.Build.0 = Release|Any CPU
		{38B5D669-3802-4315-B212-BF220E6E89CE}.ReleaseTotoCF|x86.ActiveCfg = Release|Any CPU
		{38B5D669-3802-4315-B212-BF220E6E89CE}.ReleaseTotoCF|x86.Build.0 = Release|Any CPU
		{38B5D669-3802-4315-B212-BF220E6E89CE}.SharedRead|Any CPU.ActiveCfg = Release|Any CPU
		{38B5D669-3802-4315-B212-BF220E6E89CE}.SharedRead|Any CPU.Build.0 = Release|Any CPU
		{38B5D669-3802-4315-B212-BF220E6E89CE}.SharedRead|x64.ActiveCfg = Release|Any CPU
		{38B5D669-3802-4315-B212-BF220E6E89CE}.SharedRead|x64.Build.0 = Release|Any CPU
		{38B5D669-3802-4315-B212-BF220E6E89CE}.SharedRead|x86.ActiveCfg = Release|Any CPU
		{38B5D669-3802-4315-B212-BF220E6E89CE}.SharedRead|x86.Build.0 = Release|Any CPU
		{38B5D669-3802-4315-B212-BF220E6E89CE}.SuperLotto|Any CPU.ActiveCfg = Release|Any CPU
		{38B5D669-3802-4315-B212-BF220E6E89CE}.SuperLotto|Any CPU.Build.0 = Release|Any CPU
		{38B5D669-3802-4315-B212-BF220E6E89CE}.SuperLotto|x64.ActiveCfg = Release|Any CPU
		{38B5D669-3802-4315-B212-BF220E6E89CE}.SuperLotto|x64.Build.0 = Release|Any CPU
		{38B5D669-3802-4315-B212-BF220E6E89CE}.SuperLotto|x86.ActiveCfg = Release|Any CPU
		{38B5D669-3802-4315-B212-BF220E6E89CE}.SuperLotto|x86.Build.0 = Release|Any CPU
		{38B5D669-3802-4315-B212-BF220E6E89CE}.SuperLottoTest|Any CPU.ActiveCfg = Release|Any CPU
		{38B5D669-3802-4315-B212-BF220E6E89CE}.SuperLottoTest|Any CPU.Build.0 = Release|Any CPU
		{38B5D669-3802-4315-B212-BF220E6E89CE}.SuperLottoTest|x64.ActiveCfg = Release|Any CPU
		{38B5D669-3802-4315-B212-BF220E6E89CE}.SuperLottoTest|x64.Build.0 = Release|Any CPU
		{38B5D669-3802-4315-B212-BF220E6E89CE}.SuperLottoTest|x86.ActiveCfg = Release|Any CPU
		{38B5D669-3802-4315-B212-BF220E6E89CE}.SuperLottoTest|x86.Build.0 = Release|Any CPU
		{38B5D669-3802-4315-B212-BF220E6E89CE}.Test|Any CPU.ActiveCfg = Release|Any CPU
		{38B5D669-3802-4315-B212-BF220E6E89CE}.Test|Any CPU.Build.0 = Release|Any CPU
		{38B5D669-3802-4315-B212-BF220E6E89CE}.Test|x64.ActiveCfg = Release|Any CPU
		{38B5D669-3802-4315-B212-BF220E6E89CE}.Test|x64.Build.0 = Release|Any CPU
		{38B5D669-3802-4315-B212-BF220E6E89CE}.Test|x86.ActiveCfg = Release|Any CPU
		{38B5D669-3802-4315-B212-BF220E6E89CE}.Test|x86.Build.0 = Release|Any CPU
		{38B5D669-3802-4315-B212-BF220E6E89CE}.TestAsia|Any CPU.ActiveCfg = Release|Any CPU
		{38B5D669-3802-4315-B212-BF220E6E89CE}.TestAsia|Any CPU.Build.0 = Release|Any CPU
		{38B5D669-3802-4315-B212-BF220E6E89CE}.TestAsia|x64.ActiveCfg = Release|Any CPU
		{38B5D669-3802-4315-B212-BF220E6E89CE}.TestAsia|x64.Build.0 = Release|Any CPU
		{38B5D669-3802-4315-B212-BF220E6E89CE}.TestAsia|x86.ActiveCfg = Release|Any CPU
		{38B5D669-3802-4315-B212-BF220E6E89CE}.TestAsia|x86.Build.0 = Release|Any CPU
		{38B5D669-3802-4315-B212-BF220E6E89CE}.TestProd|Any CPU.ActiveCfg = Release|Any CPU
		{38B5D669-3802-4315-B212-BF220E6E89CE}.TestProd|Any CPU.Build.0 = Release|Any CPU
		{38B5D669-3802-4315-B212-BF220E6E89CE}.TestProd|x64.ActiveCfg = Release|Any CPU
		{38B5D669-3802-4315-B212-BF220E6E89CE}.TestProd|x64.Build.0 = Release|Any CPU
		{38B5D669-3802-4315-B212-BF220E6E89CE}.TestProd|x86.ActiveCfg = Release|Any CPU
		{38B5D669-3802-4315-B212-BF220E6E89CE}.TestProd|x86.Build.0 = Release|Any CPU
		{38B5D669-3802-4315-B212-BF220E6E89CE}.TestTelegram|Any CPU.ActiveCfg = Release|Any CPU
		{38B5D669-3802-4315-B212-BF220E6E89CE}.TestTelegram|Any CPU.Build.0 = Release|Any CPU
		{38B5D669-3802-4315-B212-BF220E6E89CE}.TestTelegram|x64.ActiveCfg = Release|Any CPU
		{38B5D669-3802-4315-B212-BF220E6E89CE}.TestTelegram|x64.Build.0 = Release|Any CPU
		{38B5D669-3802-4315-B212-BF220E6E89CE}.TestTelegram|x86.ActiveCfg = Release|Any CPU
		{38B5D669-3802-4315-B212-BF220E6E89CE}.TestTelegram|x86.Build.0 = Release|Any CPU
		{38B5D669-3802-4315-B212-BF220E6E89CE}.TestWeb|Any CPU.ActiveCfg = Release|Any CPU
		{38B5D669-3802-4315-B212-BF220E6E89CE}.TestWeb|Any CPU.Build.0 = Release|Any CPU
		{38B5D669-3802-4315-B212-BF220E6E89CE}.TestWeb|x64.ActiveCfg = Release|Any CPU
		{38B5D669-3802-4315-B212-BF220E6E89CE}.TestWeb|x64.Build.0 = Release|Any CPU
		{38B5D669-3802-4315-B212-BF220E6E89CE}.TestWeb|x86.ActiveCfg = Release|Any CPU
		{38B5D669-3802-4315-B212-BF220E6E89CE}.TestWeb|x86.Build.0 = Release|Any CPU
		{38B5D669-3802-4315-B212-BF220E6E89CE}.VivaroSlots|Any CPU.ActiveCfg = Release|Any CPU
		{38B5D669-3802-4315-B212-BF220E6E89CE}.VivaroSlots|Any CPU.Build.0 = Release|Any CPU
		{38B5D669-3802-4315-B212-BF220E6E89CE}.VivaroSlots|x64.ActiveCfg = Release|Any CPU
		{38B5D669-3802-4315-B212-BF220E6E89CE}.VivaroSlots|x64.Build.0 = Release|Any CPU
		{38B5D669-3802-4315-B212-BF220E6E89CE}.VivaroSlots|x86.ActiveCfg = Release|Any CPU
		{38B5D669-3802-4315-B212-BF220E6E89CE}.VivaroSlots|x86.Build.0 = Release|Any CPU
		{38B5D669-3802-4315-B212-BF220E6E89CE}.Zero|Any CPU.ActiveCfg = Release|Any CPU
		{38B5D669-3802-4315-B212-BF220E6E89CE}.Zero|Any CPU.Build.0 = Release|Any CPU
		{38B5D669-3802-4315-B212-BF220E6E89CE}.Zero|x64.ActiveCfg = Release|Any CPU
		{38B5D669-3802-4315-B212-BF220E6E89CE}.Zero|x64.Build.0 = Release|Any CPU
		{38B5D669-3802-4315-B212-BF220E6E89CE}.Zero|x86.ActiveCfg = Release|Any CPU
		{38B5D669-3802-4315-B212-BF220E6E89CE}.Zero|x86.Build.0 = Release|Any CPU
		{D1624856-72C0-4542-9E82-8A9BB3EAB89D}.Asia|Any CPU.ActiveCfg = Release|Any CPU
		{D1624856-72C0-4542-9E82-8A9BB3EAB89D}.Asia|Any CPU.Build.0 = Release|Any CPU
		{D1624856-72C0-4542-9E82-8A9BB3EAB89D}.Asia|x64.ActiveCfg = Release|Any CPU
		{D1624856-72C0-4542-9E82-8A9BB3EAB89D}.Asia|x64.Build.0 = Release|Any CPU
		{D1624856-72C0-4542-9E82-8A9BB3EAB89D}.Asia|x86.ActiveCfg = Release|Any CPU
		{D1624856-72C0-4542-9E82-8A9BB3EAB89D}.Asia|x86.Build.0 = Release|Any CPU
		{D1624856-72C0-4542-9E82-8A9BB3EAB89D}.Bears|Any CPU.ActiveCfg = Release|Any CPU
		{D1624856-72C0-4542-9E82-8A9BB3EAB89D}.Bears|Any CPU.Build.0 = Release|Any CPU
		{D1624856-72C0-4542-9E82-8A9BB3EAB89D}.Bears|x64.ActiveCfg = Release|Any CPU
		{D1624856-72C0-4542-9E82-8A9BB3EAB89D}.Bears|x64.Build.0 = Release|Any CPU
		{D1624856-72C0-4542-9E82-8A9BB3EAB89D}.Bears|x86.ActiveCfg = Release|Any CPU
		{D1624856-72C0-4542-9E82-8A9BB3EAB89D}.Bears|x86.Build.0 = Release|Any CPU
		{D1624856-72C0-4542-9E82-8A9BB3EAB89D}.Bulls|Any CPU.ActiveCfg = Release|Any CPU
		{D1624856-72C0-4542-9E82-8A9BB3EAB89D}.Bulls|Any CPU.Build.0 = Release|Any CPU
		{D1624856-72C0-4542-9E82-8A9BB3EAB89D}.Bulls|x64.ActiveCfg = Release|Any CPU
		{D1624856-72C0-4542-9E82-8A9BB3EAB89D}.Bulls|x64.Build.0 = Release|Any CPU
		{D1624856-72C0-4542-9E82-8A9BB3EAB89D}.Bulls|x86.ActiveCfg = Release|Any CPU
		{D1624856-72C0-4542-9E82-8A9BB3EAB89D}.Bulls|x86.Build.0 = Release|Any CPU
		{D1624856-72C0-4542-9E82-8A9BB3EAB89D}.CorrectionParser|Any CPU.ActiveCfg = Release|Any CPU
		{D1624856-72C0-4542-9E82-8A9BB3EAB89D}.CorrectionParser|Any CPU.Build.0 = Release|Any CPU
		{D1624856-72C0-4542-9E82-8A9BB3EAB89D}.CorrectionParser|x64.ActiveCfg = Release|Any CPU
		{D1624856-72C0-4542-9E82-8A9BB3EAB89D}.CorrectionParser|x64.Build.0 = Release|Any CPU
		{D1624856-72C0-4542-9E82-8A9BB3EAB89D}.CorrectionParser|x86.ActiveCfg = Release|Any CPU
		{D1624856-72C0-4542-9E82-8A9BB3EAB89D}.CorrectionParser|x86.Build.0 = Release|Any CPU
		{D1624856-72C0-4542-9E82-8A9BB3EAB89D}.Cyber|Any CPU.ActiveCfg = Release|Any CPU
		{D1624856-72C0-4542-9E82-8A9BB3EAB89D}.Cyber|Any CPU.Build.0 = Release|Any CPU
		{D1624856-72C0-4542-9E82-8A9BB3EAB89D}.Cyber|x64.ActiveCfg = Release|Any CPU
		{D1624856-72C0-4542-9E82-8A9BB3EAB89D}.Cyber|x64.Build.0 = Release|Any CPU
		{D1624856-72C0-4542-9E82-8A9BB3EAB89D}.Cyber|x86.ActiveCfg = Release|Any CPU
		{D1624856-72C0-4542-9E82-8A9BB3EAB89D}.Cyber|x86.Build.0 = Release|Any CPU
		{D1624856-72C0-4542-9E82-8A9BB3EAB89D}.Debug|Any CPU.ActiveCfg = Debug|Any CPU
		{D1624856-72C0-4542-9E82-8A9BB3EAB89D}.Debug|Any CPU.Build.0 = Debug|Any CPU
		{D1624856-72C0-4542-9E82-8A9BB3EAB89D}.Debug|x64.ActiveCfg = Debug|Any CPU
		{D1624856-72C0-4542-9E82-8A9BB3EAB89D}.Debug|x64.Build.0 = Debug|Any CPU
		{D1624856-72C0-4542-9E82-8A9BB3EAB89D}.Debug|x86.ActiveCfg = Debug|Any CPU
		{D1624856-72C0-4542-9E82-8A9BB3EAB89D}.Debug|x86.Build.0 = Debug|Any CPU
		{D1624856-72C0-4542-9E82-8A9BB3EAB89D}.DebugToto15|Any CPU.ActiveCfg = Debug|Any CPU
		{D1624856-72C0-4542-9E82-8A9BB3EAB89D}.DebugToto15|Any CPU.Build.0 = Debug|Any CPU
		{D1624856-72C0-4542-9E82-8A9BB3EAB89D}.DebugToto15|x64.ActiveCfg = Debug|Any CPU
		{D1624856-72C0-4542-9E82-8A9BB3EAB89D}.DebugToto15|x64.Build.0 = Debug|Any CPU
		{D1624856-72C0-4542-9E82-8A9BB3EAB89D}.DebugToto15|x86.ActiveCfg = Debug|Any CPU
		{D1624856-72C0-4542-9E82-8A9BB3EAB89D}.DebugToto15|x86.Build.0 = Debug|Any CPU
		{D1624856-72C0-4542-9E82-8A9BB3EAB89D}.DebugTotoCF|Any CPU.ActiveCfg = Debug|Any CPU
		{D1624856-72C0-4542-9E82-8A9BB3EAB89D}.DebugTotoCF|Any CPU.Build.0 = Debug|Any CPU
		{D1624856-72C0-4542-9E82-8A9BB3EAB89D}.DebugTotoCF|x64.ActiveCfg = Debug|Any CPU
		{D1624856-72C0-4542-9E82-8A9BB3EAB89D}.DebugTotoCF|x64.Build.0 = Debug|Any CPU
		{D1624856-72C0-4542-9E82-8A9BB3EAB89D}.DebugTotoCF|x86.ActiveCfg = Debug|Any CPU
		{D1624856-72C0-4542-9E82-8A9BB3EAB89D}.DebugTotoCF|x86.Build.0 = Debug|Any CPU
		{D1624856-72C0-4542-9E82-8A9BB3EAB89D}.GRCash|Any CPU.ActiveCfg = Release|Any CPU
		{D1624856-72C0-4542-9E82-8A9BB3EAB89D}.GRCash|Any CPU.Build.0 = Release|Any CPU
		{D1624856-72C0-4542-9E82-8A9BB3EAB89D}.GRCash|x64.ActiveCfg = Release|Any CPU
		{D1624856-72C0-4542-9E82-8A9BB3EAB89D}.GRCash|x64.Build.0 = Release|Any CPU
		{D1624856-72C0-4542-9E82-8A9BB3EAB89D}.GRCash|x86.ActiveCfg = Release|Any CPU
		{D1624856-72C0-4542-9E82-8A9BB3EAB89D}.GRCash|x86.Build.0 = Release|Any CPU
		{D1624856-72C0-4542-9E82-8A9BB3EAB89D}.ProdTelegram|Any CPU.ActiveCfg = Release|Any CPU
		{D1624856-72C0-4542-9E82-8A9BB3EAB89D}.ProdTelegram|Any CPU.Build.0 = Release|Any CPU
		{D1624856-72C0-4542-9E82-8A9BB3EAB89D}.ProdTelegram|x64.ActiveCfg = Release|Any CPU
		{D1624856-72C0-4542-9E82-8A9BB3EAB89D}.ProdTelegram|x64.Build.0 = Release|Any CPU
		{D1624856-72C0-4542-9E82-8A9BB3EAB89D}.ProdTelegram|x86.ActiveCfg = Release|Any CPU
		{D1624856-72C0-4542-9E82-8A9BB3EAB89D}.ProdTelegram|x86.Build.0 = Release|Any CPU
		{D1624856-72C0-4542-9E82-8A9BB3EAB89D}.ProdWeb|Any CPU.ActiveCfg = Release|Any CPU
		{D1624856-72C0-4542-9E82-8A9BB3EAB89D}.ProdWeb|Any CPU.Build.0 = Release|Any CPU
		{D1624856-72C0-4542-9E82-8A9BB3EAB89D}.ProdWeb|x64.ActiveCfg = Release|Any CPU
		{D1624856-72C0-4542-9E82-8A9BB3EAB89D}.ProdWeb|x64.Build.0 = Release|Any CPU
		{D1624856-72C0-4542-9E82-8A9BB3EAB89D}.ProdWeb|x86.ActiveCfg = Release|Any CPU
		{D1624856-72C0-4542-9E82-8A9BB3EAB89D}.ProdWeb|x86.Build.0 = Release|Any CPU
		{D1624856-72C0-4542-9E82-8A9BB3EAB89D}.Release|Any CPU.ActiveCfg = Release|Any CPU
		{D1624856-72C0-4542-9E82-8A9BB3EAB89D}.Release|Any CPU.Build.0 = Release|Any CPU
		{D1624856-72C0-4542-9E82-8A9BB3EAB89D}.Release|x64.ActiveCfg = Release|Any CPU
		{D1624856-72C0-4542-9E82-8A9BB3EAB89D}.Release|x64.Build.0 = Release|Any CPU
		{D1624856-72C0-4542-9E82-8A9BB3EAB89D}.Release|x86.ActiveCfg = Release|Any CPU
		{D1624856-72C0-4542-9E82-8A9BB3EAB89D}.Release|x86.Build.0 = Release|Any CPU
		{D1624856-72C0-4542-9E82-8A9BB3EAB89D}.ReleaseCrypto|Any CPU.ActiveCfg = Release|Any CPU
		{D1624856-72C0-4542-9E82-8A9BB3EAB89D}.ReleaseCrypto|Any CPU.Build.0 = Release|Any CPU
		{D1624856-72C0-4542-9E82-8A9BB3EAB89D}.ReleaseCrypto|x64.ActiveCfg = Release|Any CPU
		{D1624856-72C0-4542-9E82-8A9BB3EAB89D}.ReleaseCrypto|x64.Build.0 = Release|Any CPU
		{D1624856-72C0-4542-9E82-8A9BB3EAB89D}.ReleaseCrypto|x86.ActiveCfg = Release|Any CPU
		{D1624856-72C0-4542-9E82-8A9BB3EAB89D}.ReleaseCrypto|x86.Build.0 = Release|Any CPU
		{D1624856-72C0-4542-9E82-8A9BB3EAB89D}.ReleaseD|Any CPU.ActiveCfg = Release|Any CPU
		{D1624856-72C0-4542-9E82-8A9BB3EAB89D}.ReleaseD|Any CPU.Build.0 = Release|Any CPU
		{D1624856-72C0-4542-9E82-8A9BB3EAB89D}.ReleaseD|x64.ActiveCfg = Release|Any CPU
		{D1624856-72C0-4542-9E82-8A9BB3EAB89D}.ReleaseD|x64.Build.0 = Release|Any CPU
		{D1624856-72C0-4542-9E82-8A9BB3EAB89D}.ReleaseD|x86.ActiveCfg = Release|Any CPU
		{D1624856-72C0-4542-9E82-8A9BB3EAB89D}.ReleaseD|x86.Build.0 = Release|Any CPU
		{D1624856-72C0-4542-9E82-8A9BB3EAB89D}.ReleaseDash|Any CPU.ActiveCfg = Release|Any CPU
		{D1624856-72C0-4542-9E82-8A9BB3EAB89D}.ReleaseDash|Any CPU.Build.0 = Release|Any CPU
		{D1624856-72C0-4542-9E82-8A9BB3EAB89D}.ReleaseDash|x64.ActiveCfg = Release|Any CPU
		{D1624856-72C0-4542-9E82-8A9BB3EAB89D}.ReleaseDash|x64.Build.0 = Release|Any CPU
		{D1624856-72C0-4542-9E82-8A9BB3EAB89D}.ReleaseDash|x86.ActiveCfg = Release|Any CPU
		{D1624856-72C0-4542-9E82-8A9BB3EAB89D}.ReleaseDash|x86.Build.0 = Release|Any CPU
		{D1624856-72C0-4542-9E82-8A9BB3EAB89D}.ReleaseL|Any CPU.ActiveCfg = Release|Any CPU
		{D1624856-72C0-4542-9E82-8A9BB3EAB89D}.ReleaseL|Any CPU.Build.0 = Release|Any CPU
		{D1624856-72C0-4542-9E82-8A9BB3EAB89D}.ReleaseL|x64.ActiveCfg = Release|Any CPU
		{D1624856-72C0-4542-9E82-8A9BB3EAB89D}.ReleaseL|x64.Build.0 = Release|Any CPU
		{D1624856-72C0-4542-9E82-8A9BB3EAB89D}.ReleaseL|x86.ActiveCfg = Release|Any CPU
		{D1624856-72C0-4542-9E82-8A9BB3EAB89D}.ReleaseL|x86.Build.0 = Release|Any CPU
		{D1624856-72C0-4542-9E82-8A9BB3EAB89D}.ReleaseToto15|Any CPU.ActiveCfg = Release|Any CPU
		{D1624856-72C0-4542-9E82-8A9BB3EAB89D}.ReleaseToto15|Any CPU.Build.0 = Release|Any CPU
		{D1624856-72C0-4542-9E82-8A9BB3EAB89D}.ReleaseToto15|x64.ActiveCfg = Release|Any CPU
		{D1624856-72C0-4542-9E82-8A9BB3EAB89D}.ReleaseToto15|x64.Build.0 = Release|Any CPU
		{D1624856-72C0-4542-9E82-8A9BB3EAB89D}.ReleaseToto15|x86.ActiveCfg = Release|Any CPU
		{D1624856-72C0-4542-9E82-8A9BB3EAB89D}.ReleaseToto15|x86.Build.0 = Release|Any CPU
		{D1624856-72C0-4542-9E82-8A9BB3EAB89D}.ReleaseTotoCF|Any CPU.ActiveCfg = Release|Any CPU
		{D1624856-72C0-4542-9E82-8A9BB3EAB89D}.ReleaseTotoCF|Any CPU.Build.0 = Release|Any CPU
		{D1624856-72C0-4542-9E82-8A9BB3EAB89D}.ReleaseTotoCF|x64.ActiveCfg = Release|Any CPU
		{D1624856-72C0-4542-9E82-8A9BB3EAB89D}.ReleaseTotoCF|x64.Build.0 = Release|Any CPU
		{D1624856-72C0-4542-9E82-8A9BB3EAB89D}.ReleaseTotoCF|x86.ActiveCfg = Release|Any CPU
		{D1624856-72C0-4542-9E82-8A9BB3EAB89D}.ReleaseTotoCF|x86.Build.0 = Release|Any CPU
		{D1624856-72C0-4542-9E82-8A9BB3EAB89D}.SharedRead|Any CPU.ActiveCfg = Release|Any CPU
		{D1624856-72C0-4542-9E82-8A9BB3EAB89D}.SharedRead|Any CPU.Build.0 = Release|Any CPU
		{D1624856-72C0-4542-9E82-8A9BB3EAB89D}.SharedRead|x64.ActiveCfg = Release|Any CPU
		{D1624856-72C0-4542-9E82-8A9BB3EAB89D}.SharedRead|x64.Build.0 = Release|Any CPU
		{D1624856-72C0-4542-9E82-8A9BB3EAB89D}.SharedRead|x86.ActiveCfg = Release|Any CPU
		{D1624856-72C0-4542-9E82-8A9BB3EAB89D}.SharedRead|x86.Build.0 = Release|Any CPU
		{D1624856-72C0-4542-9E82-8A9BB3EAB89D}.SuperLotto|Any CPU.ActiveCfg = Release|Any CPU
		{D1624856-72C0-4542-9E82-8A9BB3EAB89D}.SuperLotto|Any CPU.Build.0 = Release|Any CPU
		{D1624856-72C0-4542-9E82-8A9BB3EAB89D}.SuperLotto|x64.ActiveCfg = Release|Any CPU
		{D1624856-72C0-4542-9E82-8A9BB3EAB89D}.SuperLotto|x64.Build.0 = Release|Any CPU
		{D1624856-72C0-4542-9E82-8A9BB3EAB89D}.SuperLotto|x86.ActiveCfg = Release|Any CPU
		{D1624856-72C0-4542-9E82-8A9BB3EAB89D}.SuperLotto|x86.Build.0 = Release|Any CPU
		{D1624856-72C0-4542-9E82-8A9BB3EAB89D}.SuperLottoTest|Any CPU.ActiveCfg = Release|Any CPU
		{D1624856-72C0-4542-9E82-8A9BB3EAB89D}.SuperLottoTest|Any CPU.Build.0 = Release|Any CPU
		{D1624856-72C0-4542-9E82-8A9BB3EAB89D}.SuperLottoTest|x64.ActiveCfg = Release|Any CPU
		{D1624856-72C0-4542-9E82-8A9BB3EAB89D}.SuperLottoTest|x64.Build.0 = Release|Any CPU
		{D1624856-72C0-4542-9E82-8A9BB3EAB89D}.SuperLottoTest|x86.ActiveCfg = Release|Any CPU
		{D1624856-72C0-4542-9E82-8A9BB3EAB89D}.SuperLottoTest|x86.Build.0 = Release|Any CPU
		{D1624856-72C0-4542-9E82-8A9BB3EAB89D}.Test|Any CPU.ActiveCfg = Release|Any CPU
		{D1624856-72C0-4542-9E82-8A9BB3EAB89D}.Test|Any CPU.Build.0 = Release|Any CPU
		{D1624856-72C0-4542-9E82-8A9BB3EAB89D}.Test|x64.ActiveCfg = Release|Any CPU
		{D1624856-72C0-4542-9E82-8A9BB3EAB89D}.Test|x64.Build.0 = Release|Any CPU
		{D1624856-72C0-4542-9E82-8A9BB3EAB89D}.Test|x86.ActiveCfg = Release|Any CPU
		{D1624856-72C0-4542-9E82-8A9BB3EAB89D}.Test|x86.Build.0 = Release|Any CPU
		{D1624856-72C0-4542-9E82-8A9BB3EAB89D}.TestAsia|Any CPU.ActiveCfg = Release|Any CPU
		{D1624856-72C0-4542-9E82-8A9BB3EAB89D}.TestAsia|Any CPU.Build.0 = Release|Any CPU
		{D1624856-72C0-4542-9E82-8A9BB3EAB89D}.TestAsia|x64.ActiveCfg = Release|Any CPU
		{D1624856-72C0-4542-9E82-8A9BB3EAB89D}.TestAsia|x64.Build.0 = Release|Any CPU
		{D1624856-72C0-4542-9E82-8A9BB3EAB89D}.TestAsia|x86.ActiveCfg = Release|Any CPU
		{D1624856-72C0-4542-9E82-8A9BB3EAB89D}.TestAsia|x86.Build.0 = Release|Any CPU
		{D1624856-72C0-4542-9E82-8A9BB3EAB89D}.TestProd|Any CPU.ActiveCfg = Release|Any CPU
		{D1624856-72C0-4542-9E82-8A9BB3EAB89D}.TestProd|Any CPU.Build.0 = Release|Any CPU
		{D1624856-72C0-4542-9E82-8A9BB3EAB89D}.TestProd|x64.ActiveCfg = Release|Any CPU
		{D1624856-72C0-4542-9E82-8A9BB3EAB89D}.TestProd|x64.Build.0 = Release|Any CPU
		{D1624856-72C0-4542-9E82-8A9BB3EAB89D}.TestProd|x86.ActiveCfg = Release|Any CPU
		{D1624856-72C0-4542-9E82-8A9BB3EAB89D}.TestProd|x86.Build.0 = Release|Any CPU
		{D1624856-72C0-4542-9E82-8A9BB3EAB89D}.TestTelegram|Any CPU.ActiveCfg = Release|Any CPU
		{D1624856-72C0-4542-9E82-8A9BB3EAB89D}.TestTelegram|Any CPU.Build.0 = Release|Any CPU
		{D1624856-72C0-4542-9E82-8A9BB3EAB89D}.TestTelegram|x64.ActiveCfg = Release|Any CPU
		{D1624856-72C0-4542-9E82-8A9BB3EAB89D}.TestTelegram|x64.Build.0 = Release|Any CPU
		{D1624856-72C0-4542-9E82-8A9BB3EAB89D}.TestTelegram|x86.ActiveCfg = Release|Any CPU
		{D1624856-72C0-4542-9E82-8A9BB3EAB89D}.TestTelegram|x86.Build.0 = Release|Any CPU
		{D1624856-72C0-4542-9E82-8A9BB3EAB89D}.TestWeb|Any CPU.ActiveCfg = Release|Any CPU
		{D1624856-72C0-4542-9E82-8A9BB3EAB89D}.TestWeb|Any CPU.Build.0 = Release|Any CPU
		{D1624856-72C0-4542-9E82-8A9BB3EAB89D}.TestWeb|x64.ActiveCfg = Release|Any CPU
		{D1624856-72C0-4542-9E82-8A9BB3EAB89D}.TestWeb|x64.Build.0 = Release|Any CPU
		{D1624856-72C0-4542-9E82-8A9BB3EAB89D}.TestWeb|x86.ActiveCfg = Release|Any CPU
		{D1624856-72C0-4542-9E82-8A9BB3EAB89D}.TestWeb|x86.Build.0 = Release|Any CPU
		{D1624856-72C0-4542-9E82-8A9BB3EAB89D}.VivaroSlots|Any CPU.ActiveCfg = Release|Any CPU
		{D1624856-72C0-4542-9E82-8A9BB3EAB89D}.VivaroSlots|Any CPU.Build.0 = Release|Any CPU
		{D1624856-72C0-4542-9E82-8A9BB3EAB89D}.VivaroSlots|x64.ActiveCfg = Release|Any CPU
		{D1624856-72C0-4542-9E82-8A9BB3EAB89D}.VivaroSlots|x64.Build.0 = Release|Any CPU
		{D1624856-72C0-4542-9E82-8A9BB3EAB89D}.VivaroSlots|x86.ActiveCfg = Release|Any CPU
		{D1624856-72C0-4542-9E82-8A9BB3EAB89D}.VivaroSlots|x86.Build.0 = Release|Any CPU
		{D1624856-72C0-4542-9E82-8A9BB3EAB89D}.Zero|Any CPU.ActiveCfg = Release|Any CPU
		{D1624856-72C0-4542-9E82-8A9BB3EAB89D}.Zero|Any CPU.Build.0 = Release|Any CPU
		{D1624856-72C0-4542-9E82-8A9BB3EAB89D}.Zero|x64.ActiveCfg = Release|Any CPU
		{D1624856-72C0-4542-9E82-8A9BB3EAB89D}.Zero|x64.Build.0 = Release|Any CPU
		{D1624856-72C0-4542-9E82-8A9BB3EAB89D}.Zero|x86.ActiveCfg = Release|Any CPU
		{D1624856-72C0-4542-9E82-8A9BB3EAB89D}.Zero|x86.Build.0 = Release|Any CPU
		{FC11D492-6B94-473A-881A-1DD70C089721}.Asia|Any CPU.ActiveCfg = Release|Any CPU
		{FC11D492-6B94-473A-881A-1DD70C089721}.Asia|Any CPU.Build.0 = Release|Any CPU
		{FC11D492-6B94-473A-881A-1DD70C089721}.Asia|x64.ActiveCfg = Release|Any CPU
		{FC11D492-6B94-473A-881A-1DD70C089721}.Asia|x64.Build.0 = Release|Any CPU
		{FC11D492-6B94-473A-881A-1DD70C089721}.Asia|x86.ActiveCfg = Release|Any CPU
		{FC11D492-6B94-473A-881A-1DD70C089721}.Asia|x86.Build.0 = Release|Any CPU
		{FC11D492-6B94-473A-881A-1DD70C089721}.Bears|Any CPU.ActiveCfg = Release|Any CPU
		{FC11D492-6B94-473A-881A-1DD70C089721}.Bears|Any CPU.Build.0 = Release|Any CPU
		{FC11D492-6B94-473A-881A-1DD70C089721}.Bears|x64.ActiveCfg = Release|Any CPU
		{FC11D492-6B94-473A-881A-1DD70C089721}.Bears|x64.Build.0 = Release|Any CPU
		{FC11D492-6B94-473A-881A-1DD70C089721}.Bears|x86.ActiveCfg = Release|Any CPU
		{FC11D492-6B94-473A-881A-1DD70C089721}.Bears|x86.Build.0 = Release|Any CPU
		{FC11D492-6B94-473A-881A-1DD70C089721}.Bulls|Any CPU.ActiveCfg = Release|Any CPU
		{FC11D492-6B94-473A-881A-1DD70C089721}.Bulls|Any CPU.Build.0 = Release|Any CPU
		{FC11D492-6B94-473A-881A-1DD70C089721}.Bulls|x64.ActiveCfg = Release|Any CPU
		{FC11D492-6B94-473A-881A-1DD70C089721}.Bulls|x64.Build.0 = Release|Any CPU
		{FC11D492-6B94-473A-881A-1DD70C089721}.Bulls|x86.ActiveCfg = Release|Any CPU
		{FC11D492-6B94-473A-881A-1DD70C089721}.Bulls|x86.Build.0 = Release|Any CPU
		{FC11D492-6B94-473A-881A-1DD70C089721}.CorrectionParser|Any CPU.ActiveCfg = Release|Any CPU
		{FC11D492-6B94-473A-881A-1DD70C089721}.CorrectionParser|Any CPU.Build.0 = Release|Any CPU
		{FC11D492-6B94-473A-881A-1DD70C089721}.CorrectionParser|x64.ActiveCfg = Release|Any CPU
		{FC11D492-6B94-473A-881A-1DD70C089721}.CorrectionParser|x64.Build.0 = Release|Any CPU
		{FC11D492-6B94-473A-881A-1DD70C089721}.CorrectionParser|x86.ActiveCfg = Release|Any CPU
		{FC11D492-6B94-473A-881A-1DD70C089721}.CorrectionParser|x86.Build.0 = Release|Any CPU
		{FC11D492-6B94-473A-881A-1DD70C089721}.Cyber|Any CPU.ActiveCfg = Release|Any CPU
		{FC11D492-6B94-473A-881A-1DD70C089721}.Cyber|Any CPU.Build.0 = Release|Any CPU
		{FC11D492-6B94-473A-881A-1DD70C089721}.Cyber|x64.ActiveCfg = Release|Any CPU
		{FC11D492-6B94-473A-881A-1DD70C089721}.Cyber|x64.Build.0 = Release|Any CPU
		{FC11D492-6B94-473A-881A-1DD70C089721}.Cyber|x86.ActiveCfg = Release|Any CPU
		{FC11D492-6B94-473A-881A-1DD70C089721}.Cyber|x86.Build.0 = Release|Any CPU
		{FC11D492-6B94-473A-881A-1DD70C089721}.Debug|Any CPU.ActiveCfg = Debug|Any CPU
		{FC11D492-6B94-473A-881A-1DD70C089721}.Debug|Any CPU.Build.0 = Debug|Any CPU
		{FC11D492-6B94-473A-881A-1DD70C089721}.Debug|x64.ActiveCfg = Debug|Any CPU
		{FC11D492-6B94-473A-881A-1DD70C089721}.Debug|x64.Build.0 = Debug|Any CPU
		{FC11D492-6B94-473A-881A-1DD70C089721}.Debug|x86.ActiveCfg = Debug|Any CPU
		{FC11D492-6B94-473A-881A-1DD70C089721}.Debug|x86.Build.0 = Debug|Any CPU
		{FC11D492-6B94-473A-881A-1DD70C089721}.DebugToto15|Any CPU.ActiveCfg = Debug|Any CPU
		{FC11D492-6B94-473A-881A-1DD70C089721}.DebugToto15|Any CPU.Build.0 = Debug|Any CPU
		{FC11D492-6B94-473A-881A-1DD70C089721}.DebugToto15|x64.ActiveCfg = Debug|Any CPU
		{FC11D492-6B94-473A-881A-1DD70C089721}.DebugToto15|x64.Build.0 = Debug|Any CPU
		{FC11D492-6B94-473A-881A-1DD70C089721}.DebugToto15|x86.ActiveCfg = Debug|Any CPU
		{FC11D492-6B94-473A-881A-1DD70C089721}.DebugToto15|x86.Build.0 = Debug|Any CPU
		{FC11D492-6B94-473A-881A-1DD70C089721}.DebugTotoCF|Any CPU.ActiveCfg = Debug|Any CPU
		{FC11D492-6B94-473A-881A-1DD70C089721}.DebugTotoCF|Any CPU.Build.0 = Debug|Any CPU
		{FC11D492-6B94-473A-881A-1DD70C089721}.DebugTotoCF|x64.ActiveCfg = Debug|Any CPU
		{FC11D492-6B94-473A-881A-1DD70C089721}.DebugTotoCF|x64.Build.0 = Debug|Any CPU
		{FC11D492-6B94-473A-881A-1DD70C089721}.DebugTotoCF|x86.ActiveCfg = Debug|Any CPU
		{FC11D492-6B94-473A-881A-1DD70C089721}.DebugTotoCF|x86.Build.0 = Debug|Any CPU
		{FC11D492-6B94-473A-881A-1DD70C089721}.GRCash|Any CPU.ActiveCfg = Release|Any CPU
		{FC11D492-6B94-473A-881A-1DD70C089721}.GRCash|Any CPU.Build.0 = Release|Any CPU
		{FC11D492-6B94-473A-881A-1DD70C089721}.GRCash|x64.ActiveCfg = Release|Any CPU
		{FC11D492-6B94-473A-881A-1DD70C089721}.GRCash|x64.Build.0 = Release|Any CPU
		{FC11D492-6B94-473A-881A-1DD70C089721}.GRCash|x86.ActiveCfg = Release|Any CPU
		{FC11D492-6B94-473A-881A-1DD70C089721}.GRCash|x86.Build.0 = Release|Any CPU
		{FC11D492-6B94-473A-881A-1DD70C089721}.ProdTelegram|Any CPU.ActiveCfg = Release|Any CPU
		{FC11D492-6B94-473A-881A-1DD70C089721}.ProdTelegram|Any CPU.Build.0 = Release|Any CPU
		{FC11D492-6B94-473A-881A-1DD70C089721}.ProdTelegram|x64.ActiveCfg = Release|Any CPU
		{FC11D492-6B94-473A-881A-1DD70C089721}.ProdTelegram|x64.Build.0 = Release|Any CPU
		{FC11D492-6B94-473A-881A-1DD70C089721}.ProdTelegram|x86.ActiveCfg = Release|Any CPU
		{FC11D492-6B94-473A-881A-1DD70C089721}.ProdTelegram|x86.Build.0 = Release|Any CPU
		{FC11D492-6B94-473A-881A-1DD70C089721}.ProdWeb|Any CPU.ActiveCfg = Release|Any CPU
		{FC11D492-6B94-473A-881A-1DD70C089721}.ProdWeb|Any CPU.Build.0 = Release|Any CPU
		{FC11D492-6B94-473A-881A-1DD70C089721}.ProdWeb|x64.ActiveCfg = Release|Any CPU
		{FC11D492-6B94-473A-881A-1DD70C089721}.ProdWeb|x64.Build.0 = Release|Any CPU
		{FC11D492-6B94-473A-881A-1DD70C089721}.ProdWeb|x86.ActiveCfg = Release|Any CPU
		{FC11D492-6B94-473A-881A-1DD70C089721}.ProdWeb|x86.Build.0 = Release|Any CPU
		{FC11D492-6B94-473A-881A-1DD70C089721}.Release|Any CPU.ActiveCfg = Release|Any CPU
		{FC11D492-6B94-473A-881A-1DD70C089721}.Release|Any CPU.Build.0 = Release|Any CPU
		{FC11D492-6B94-473A-881A-1DD70C089721}.Release|x64.ActiveCfg = Release|Any CPU
		{FC11D492-6B94-473A-881A-1DD70C089721}.Release|x64.Build.0 = Release|Any CPU
		{FC11D492-6B94-473A-881A-1DD70C089721}.Release|x86.ActiveCfg = Release|Any CPU
		{FC11D492-6B94-473A-881A-1DD70C089721}.Release|x86.Build.0 = Release|Any CPU
		{FC11D492-6B94-473A-881A-1DD70C089721}.ReleaseCrypto|Any CPU.ActiveCfg = Release|Any CPU
		{FC11D492-6B94-473A-881A-1DD70C089721}.ReleaseCrypto|Any CPU.Build.0 = Release|Any CPU
		{FC11D492-6B94-473A-881A-1DD70C089721}.ReleaseCrypto|x64.ActiveCfg = Release|Any CPU
		{FC11D492-6B94-473A-881A-1DD70C089721}.ReleaseCrypto|x64.Build.0 = Release|Any CPU
		{FC11D492-6B94-473A-881A-1DD70C089721}.ReleaseCrypto|x86.ActiveCfg = Release|Any CPU
		{FC11D492-6B94-473A-881A-1DD70C089721}.ReleaseCrypto|x86.Build.0 = Release|Any CPU
		{FC11D492-6B94-473A-881A-1DD70C089721}.ReleaseD|Any CPU.ActiveCfg = Release|Any CPU
		{FC11D492-6B94-473A-881A-1DD70C089721}.ReleaseD|Any CPU.Build.0 = Release|Any CPU
		{FC11D492-6B94-473A-881A-1DD70C089721}.ReleaseD|x64.ActiveCfg = Release|Any CPU
		{FC11D492-6B94-473A-881A-1DD70C089721}.ReleaseD|x64.Build.0 = Release|Any CPU
		{FC11D492-6B94-473A-881A-1DD70C089721}.ReleaseD|x86.ActiveCfg = Release|Any CPU
		{FC11D492-6B94-473A-881A-1DD70C089721}.ReleaseD|x86.Build.0 = Release|Any CPU
		{FC11D492-6B94-473A-881A-1DD70C089721}.ReleaseDash|Any CPU.ActiveCfg = Release|Any CPU
		{FC11D492-6B94-473A-881A-1DD70C089721}.ReleaseDash|Any CPU.Build.0 = Release|Any CPU
		{FC11D492-6B94-473A-881A-1DD70C089721}.ReleaseDash|x64.ActiveCfg = Release|Any CPU
		{FC11D492-6B94-473A-881A-1DD70C089721}.ReleaseDash|x64.Build.0 = Release|Any CPU
		{FC11D492-6B94-473A-881A-1DD70C089721}.ReleaseDash|x86.ActiveCfg = Release|Any CPU
		{FC11D492-6B94-473A-881A-1DD70C089721}.ReleaseDash|x86.Build.0 = Release|Any CPU
		{FC11D492-6B94-473A-881A-1DD70C089721}.ReleaseL|Any CPU.ActiveCfg = Release|Any CPU
		{FC11D492-6B94-473A-881A-1DD70C089721}.ReleaseL|Any CPU.Build.0 = Release|Any CPU
		{FC11D492-6B94-473A-881A-1DD70C089721}.ReleaseL|x64.ActiveCfg = Release|Any CPU
		{FC11D492-6B94-473A-881A-1DD70C089721}.ReleaseL|x64.Build.0 = Release|Any CPU
		{FC11D492-6B94-473A-881A-1DD70C089721}.ReleaseL|x86.ActiveCfg = Release|Any CPU
		{FC11D492-6B94-473A-881A-1DD70C089721}.ReleaseL|x86.Build.0 = Release|Any CPU
		{FC11D492-6B94-473A-881A-1DD70C089721}.ReleaseToto15|Any CPU.ActiveCfg = Release|Any CPU
		{FC11D492-6B94-473A-881A-1DD70C089721}.ReleaseToto15|Any CPU.Build.0 = Release|Any CPU
		{FC11D492-6B94-473A-881A-1DD70C089721}.ReleaseToto15|x64.ActiveCfg = Release|Any CPU
		{FC11D492-6B94-473A-881A-1DD70C089721}.ReleaseToto15|x64.Build.0 = Release|Any CPU
		{FC11D492-6B94-473A-881A-1DD70C089721}.ReleaseToto15|x86.ActiveCfg = Release|Any CPU
		{FC11D492-6B94-473A-881A-1DD70C089721}.ReleaseToto15|x86.Build.0 = Release|Any CPU
		{FC11D492-6B94-473A-881A-1DD70C089721}.ReleaseTotoCF|Any CPU.ActiveCfg = Release|Any CPU
		{FC11D492-6B94-473A-881A-1DD70C089721}.ReleaseTotoCF|Any CPU.Build.0 = Release|Any CPU
		{FC11D492-6B94-473A-881A-1DD70C089721}.ReleaseTotoCF|x64.ActiveCfg = Release|Any CPU
		{FC11D492-6B94-473A-881A-1DD70C089721}.ReleaseTotoCF|x64.Build.0 = Release|Any CPU
		{FC11D492-6B94-473A-881A-1DD70C089721}.ReleaseTotoCF|x86.ActiveCfg = Release|Any CPU
		{FC11D492-6B94-473A-881A-1DD70C089721}.ReleaseTotoCF|x86.Build.0 = Release|Any CPU
		{FC11D492-6B94-473A-881A-1DD70C089721}.SharedRead|Any CPU.ActiveCfg = Release|Any CPU
		{FC11D492-6B94-473A-881A-1DD70C089721}.SharedRead|Any CPU.Build.0 = Release|Any CPU
		{FC11D492-6B94-473A-881A-1DD70C089721}.SharedRead|x64.ActiveCfg = Release|Any CPU
		{FC11D492-6B94-473A-881A-1DD70C089721}.SharedRead|x64.Build.0 = Release|Any CPU
		{FC11D492-6B94-473A-881A-1DD70C089721}.SharedRead|x86.ActiveCfg = Release|Any CPU
		{FC11D492-6B94-473A-881A-1DD70C089721}.SharedRead|x86.Build.0 = Release|Any CPU
		{FC11D492-6B94-473A-881A-1DD70C089721}.SuperLotto|Any CPU.ActiveCfg = Release|Any CPU
		{FC11D492-6B94-473A-881A-1DD70C089721}.SuperLotto|Any CPU.Build.0 = Release|Any CPU
		{FC11D492-6B94-473A-881A-1DD70C089721}.SuperLotto|x64.ActiveCfg = Release|Any CPU
		{FC11D492-6B94-473A-881A-1DD70C089721}.SuperLotto|x64.Build.0 = Release|Any CPU
		{FC11D492-6B94-473A-881A-1DD70C089721}.SuperLotto|x86.ActiveCfg = Release|Any CPU
		{FC11D492-6B94-473A-881A-1DD70C089721}.SuperLotto|x86.Build.0 = Release|Any CPU
		{FC11D492-6B94-473A-881A-1DD70C089721}.SuperLottoTest|Any CPU.ActiveCfg = Release|Any CPU
		{FC11D492-6B94-473A-881A-1DD70C089721}.SuperLottoTest|Any CPU.Build.0 = Release|Any CPU
		{FC11D492-6B94-473A-881A-1DD70C089721}.SuperLottoTest|x64.ActiveCfg = Release|Any CPU
		{FC11D492-6B94-473A-881A-1DD70C089721}.SuperLottoTest|x64.Build.0 = Release|Any CPU
		{FC11D492-6B94-473A-881A-1DD70C089721}.SuperLottoTest|x86.ActiveCfg = Release|Any CPU
		{FC11D492-6B94-473A-881A-1DD70C089721}.SuperLottoTest|x86.Build.0 = Release|Any CPU
		{FC11D492-6B94-473A-881A-1DD70C089721}.Test|Any CPU.ActiveCfg = Release|Any CPU
		{FC11D492-6B94-473A-881A-1DD70C089721}.Test|Any CPU.Build.0 = Release|Any CPU
		{FC11D492-6B94-473A-881A-1DD70C089721}.Test|x64.ActiveCfg = Release|Any CPU
		{FC11D492-6B94-473A-881A-1DD70C089721}.Test|x64.Build.0 = Release|Any CPU
		{FC11D492-6B94-473A-881A-1DD70C089721}.Test|x86.ActiveCfg = Release|Any CPU
		{FC11D492-6B94-473A-881A-1DD70C089721}.Test|x86.Build.0 = Release|Any CPU
		{FC11D492-6B94-473A-881A-1DD70C089721}.TestAsia|Any CPU.ActiveCfg = Release|Any CPU
		{FC11D492-6B94-473A-881A-1DD70C089721}.TestAsia|Any CPU.Build.0 = Release|Any CPU
		{FC11D492-6B94-473A-881A-1DD70C089721}.TestAsia|x64.ActiveCfg = Release|Any CPU
		{FC11D492-6B94-473A-881A-1DD70C089721}.TestAsia|x64.Build.0 = Release|Any CPU
		{FC11D492-6B94-473A-881A-1DD70C089721}.TestAsia|x86.ActiveCfg = Release|Any CPU
		{FC11D492-6B94-473A-881A-1DD70C089721}.TestAsia|x86.Build.0 = Release|Any CPU
		{FC11D492-6B94-473A-881A-1DD70C089721}.TestProd|Any CPU.ActiveCfg = Release|Any CPU
		{FC11D492-6B94-473A-881A-1DD70C089721}.TestProd|Any CPU.Build.0 = Release|Any CPU
		{FC11D492-6B94-473A-881A-1DD70C089721}.TestProd|x64.ActiveCfg = Release|Any CPU
		{FC11D492-6B94-473A-881A-1DD70C089721}.TestProd|x64.Build.0 = Release|Any CPU
		{FC11D492-6B94-473A-881A-1DD70C089721}.TestProd|x86.ActiveCfg = Release|Any CPU
		{FC11D492-6B94-473A-881A-1DD70C089721}.TestProd|x86.Build.0 = Release|Any CPU
		{FC11D492-6B94-473A-881A-1DD70C089721}.TestTelegram|Any CPU.ActiveCfg = Release|Any CPU
		{FC11D492-6B94-473A-881A-1DD70C089721}.TestTelegram|Any CPU.Build.0 = Release|Any CPU
		{FC11D492-6B94-473A-881A-1DD70C089721}.TestTelegram|x64.ActiveCfg = Release|Any CPU
		{FC11D492-6B94-473A-881A-1DD70C089721}.TestTelegram|x64.Build.0 = Release|Any CPU
		{FC11D492-6B94-473A-881A-1DD70C089721}.TestTelegram|x86.ActiveCfg = Release|Any CPU
		{FC11D492-6B94-473A-881A-1DD70C089721}.TestTelegram|x86.Build.0 = Release|Any CPU
		{FC11D492-6B94-473A-881A-1DD70C089721}.TestWeb|Any CPU.ActiveCfg = Release|Any CPU
		{FC11D492-6B94-473A-881A-1DD70C089721}.TestWeb|Any CPU.Build.0 = Release|Any CPU
		{FC11D492-6B94-473A-881A-1DD70C089721}.TestWeb|x64.ActiveCfg = Release|Any CPU
		{FC11D492-6B94-473A-881A-1DD70C089721}.TestWeb|x64.Build.0 = Release|Any CPU
		{FC11D492-6B94-473A-881A-1DD70C089721}.TestWeb|x86.ActiveCfg = Release|Any CPU
		{FC11D492-6B94-473A-881A-1DD70C089721}.TestWeb|x86.Build.0 = Release|Any CPU
		{FC11D492-6B94-473A-881A-1DD70C089721}.VivaroSlots|Any CPU.ActiveCfg = Release|Any CPU
		{FC11D492-6B94-473A-881A-1DD70C089721}.VivaroSlots|Any CPU.Build.0 = Release|Any CPU
		{FC11D492-6B94-473A-881A-1DD70C089721}.VivaroSlots|x64.ActiveCfg = Release|Any CPU
		{FC11D492-6B94-473A-881A-1DD70C089721}.VivaroSlots|x64.Build.0 = Release|Any CPU
		{FC11D492-6B94-473A-881A-1DD70C089721}.VivaroSlots|x86.ActiveCfg = Release|Any CPU
		{FC11D492-6B94-473A-881A-1DD70C089721}.VivaroSlots|x86.Build.0 = Release|Any CPU
		{FC11D492-6B94-473A-881A-1DD70C089721}.Zero|Any CPU.ActiveCfg = Release|Any CPU
		{FC11D492-6B94-473A-881A-1DD70C089721}.Zero|Any CPU.Build.0 = Release|Any CPU
		{FC11D492-6B94-473A-881A-1DD70C089721}.Zero|x64.ActiveCfg = Release|Any CPU
		{FC11D492-6B94-473A-881A-1DD70C089721}.Zero|x64.Build.0 = Release|Any CPU
		{FC11D492-6B94-473A-881A-1DD70C089721}.Zero|x86.ActiveCfg = Release|Any CPU
		{FC11D492-6B94-473A-881A-1DD70C089721}.Zero|x86.Build.0 = Release|Any CPU
		{6213B744-30D0-4FC4-8F77-7D93152DECF0}.Asia|Any CPU.ActiveCfg = Release|Any CPU
		{6213B744-30D0-4FC4-8F77-7D93152DECF0}.Asia|Any CPU.Build.0 = Release|Any CPU
		{6213B744-30D0-4FC4-8F77-7D93152DECF0}.Asia|x64.ActiveCfg = Release|Any CPU
		{6213B744-30D0-4FC4-8F77-7D93152DECF0}.Asia|x64.Build.0 = Release|Any CPU
		{6213B744-30D0-4FC4-8F77-7D93152DECF0}.Asia|x86.ActiveCfg = Release|Any CPU
		{6213B744-30D0-4FC4-8F77-7D93152DECF0}.Asia|x86.Build.0 = Release|Any CPU
		{6213B744-30D0-4FC4-8F77-7D93152DECF0}.Bears|Any CPU.ActiveCfg = Release|Any CPU
		{6213B744-30D0-4FC4-8F77-7D93152DECF0}.Bears|Any CPU.Build.0 = Release|Any CPU
		{6213B744-30D0-4FC4-8F77-7D93152DECF0}.Bears|x64.ActiveCfg = Release|Any CPU
		{6213B744-30D0-4FC4-8F77-7D93152DECF0}.Bears|x64.Build.0 = Release|Any CPU
		{6213B744-30D0-4FC4-8F77-7D93152DECF0}.Bears|x86.ActiveCfg = Release|Any CPU
		{6213B744-30D0-4FC4-8F77-7D93152DECF0}.Bears|x86.Build.0 = Release|Any CPU
		{6213B744-30D0-4FC4-8F77-7D93152DECF0}.Bulls|Any CPU.ActiveCfg = Release|Any CPU
		{6213B744-30D0-4FC4-8F77-7D93152DECF0}.Bulls|Any CPU.Build.0 = Release|Any CPU
		{6213B744-30D0-4FC4-8F77-7D93152DECF0}.Bulls|x64.ActiveCfg = Release|Any CPU
		{6213B744-30D0-4FC4-8F77-7D93152DECF0}.Bulls|x64.Build.0 = Release|Any CPU
		{6213B744-30D0-4FC4-8F77-7D93152DECF0}.Bulls|x86.ActiveCfg = Release|Any CPU
		{6213B744-30D0-4FC4-8F77-7D93152DECF0}.Bulls|x86.Build.0 = Release|Any CPU
		{6213B744-30D0-4FC4-8F77-7D93152DECF0}.CorrectionParser|Any CPU.ActiveCfg = Release|Any CPU
		{6213B744-30D0-4FC4-8F77-7D93152DECF0}.CorrectionParser|Any CPU.Build.0 = Release|Any CPU
		{6213B744-30D0-4FC4-8F77-7D93152DECF0}.CorrectionParser|x64.ActiveCfg = Release|Any CPU
		{6213B744-30D0-4FC4-8F77-7D93152DECF0}.CorrectionParser|x64.Build.0 = Release|Any CPU
		{6213B744-30D0-4FC4-8F77-7D93152DECF0}.CorrectionParser|x86.ActiveCfg = Release|Any CPU
		{6213B744-30D0-4FC4-8F77-7D93152DECF0}.CorrectionParser|x86.Build.0 = Release|Any CPU
		{6213B744-30D0-4FC4-8F77-7D93152DECF0}.Cyber|Any CPU.ActiveCfg = Release|Any CPU
		{6213B744-30D0-4FC4-8F77-7D93152DECF0}.Cyber|Any CPU.Build.0 = Release|Any CPU
		{6213B744-30D0-4FC4-8F77-7D93152DECF0}.Cyber|x64.ActiveCfg = Release|Any CPU
		{6213B744-30D0-4FC4-8F77-7D93152DECF0}.Cyber|x64.Build.0 = Release|Any CPU
		{6213B744-30D0-4FC4-8F77-7D93152DECF0}.Cyber|x86.ActiveCfg = Release|Any CPU
		{6213B744-30D0-4FC4-8F77-7D93152DECF0}.Cyber|x86.Build.0 = Release|Any CPU
		{6213B744-30D0-4FC4-8F77-7D93152DECF0}.Debug|Any CPU.ActiveCfg = Debug|Any CPU
		{6213B744-30D0-4FC4-8F77-7D93152DECF0}.Debug|Any CPU.Build.0 = Debug|Any CPU
		{6213B744-30D0-4FC4-8F77-7D93152DECF0}.Debug|x64.ActiveCfg = Debug|Any CPU
		{6213B744-30D0-4FC4-8F77-7D93152DECF0}.Debug|x64.Build.0 = Debug|Any CPU
		{6213B744-30D0-4FC4-8F77-7D93152DECF0}.Debug|x86.ActiveCfg = Debug|Any CPU
		{6213B744-30D0-4FC4-8F77-7D93152DECF0}.Debug|x86.Build.0 = Debug|Any CPU
		{6213B744-30D0-4FC4-8F77-7D93152DECF0}.DebugToto15|Any CPU.ActiveCfg = Debug|Any CPU
		{6213B744-30D0-4FC4-8F77-7D93152DECF0}.DebugToto15|Any CPU.Build.0 = Debug|Any CPU
		{6213B744-30D0-4FC4-8F77-7D93152DECF0}.DebugToto15|x64.ActiveCfg = Debug|Any CPU
		{6213B744-30D0-4FC4-8F77-7D93152DECF0}.DebugToto15|x64.Build.0 = Debug|Any CPU
		{6213B744-30D0-4FC4-8F77-7D93152DECF0}.DebugToto15|x86.ActiveCfg = Debug|Any CPU
		{6213B744-30D0-4FC4-8F77-7D93152DECF0}.DebugToto15|x86.Build.0 = Debug|Any CPU
		{6213B744-30D0-4FC4-8F77-7D93152DECF0}.DebugTotoCF|Any CPU.ActiveCfg = Debug|Any CPU
		{6213B744-30D0-4FC4-8F77-7D93152DECF0}.DebugTotoCF|Any CPU.Build.0 = Debug|Any CPU
		{6213B744-30D0-4FC4-8F77-7D93152DECF0}.DebugTotoCF|x64.ActiveCfg = Debug|Any CPU
		{6213B744-30D0-4FC4-8F77-7D93152DECF0}.DebugTotoCF|x64.Build.0 = Debug|Any CPU
		{6213B744-30D0-4FC4-8F77-7D93152DECF0}.DebugTotoCF|x86.ActiveCfg = Debug|Any CPU
		{6213B744-30D0-4FC4-8F77-7D93152DECF0}.DebugTotoCF|x86.Build.0 = Debug|Any CPU
		{6213B744-30D0-4FC4-8F77-7D93152DECF0}.GRCash|Any CPU.ActiveCfg = Release|Any CPU
		{6213B744-30D0-4FC4-8F77-7D93152DECF0}.GRCash|Any CPU.Build.0 = Release|Any CPU
		{6213B744-30D0-4FC4-8F77-7D93152DECF0}.GRCash|x64.ActiveCfg = Release|Any CPU
		{6213B744-30D0-4FC4-8F77-7D93152DECF0}.GRCash|x64.Build.0 = Release|Any CPU
		{6213B744-30D0-4FC4-8F77-7D93152DECF0}.GRCash|x86.ActiveCfg = Release|Any CPU
		{6213B744-30D0-4FC4-8F77-7D93152DECF0}.GRCash|x86.Build.0 = Release|Any CPU
		{6213B744-30D0-4FC4-8F77-7D93152DECF0}.ProdTelegram|Any CPU.ActiveCfg = Release|Any CPU
		{6213B744-30D0-4FC4-8F77-7D93152DECF0}.ProdTelegram|Any CPU.Build.0 = Release|Any CPU
		{6213B744-30D0-4FC4-8F77-7D93152DECF0}.ProdTelegram|x64.ActiveCfg = Release|Any CPU
		{6213B744-30D0-4FC4-8F77-7D93152DECF0}.ProdTelegram|x64.Build.0 = Release|Any CPU
		{6213B744-30D0-4FC4-8F77-7D93152DECF0}.ProdTelegram|x86.ActiveCfg = Release|Any CPU
		{6213B744-30D0-4FC4-8F77-7D93152DECF0}.ProdTelegram|x86.Build.0 = Release|Any CPU
		{6213B744-30D0-4FC4-8F77-7D93152DECF0}.ProdWeb|Any CPU.ActiveCfg = Release|Any CPU
		{6213B744-30D0-4FC4-8F77-7D93152DECF0}.ProdWeb|Any CPU.Build.0 = Release|Any CPU
		{6213B744-30D0-4FC4-8F77-7D93152DECF0}.ProdWeb|x64.ActiveCfg = Release|Any CPU
		{6213B744-30D0-4FC4-8F77-7D93152DECF0}.ProdWeb|x64.Build.0 = Release|Any CPU
		{6213B744-30D0-4FC4-8F77-7D93152DECF0}.ProdWeb|x86.ActiveCfg = Release|Any CPU
		{6213B744-30D0-4FC4-8F77-7D93152DECF0}.ProdWeb|x86.Build.0 = Release|Any CPU
		{6213B744-30D0-4FC4-8F77-7D93152DECF0}.Release|Any CPU.ActiveCfg = Release|Any CPU
		{6213B744-30D0-4FC4-8F77-7D93152DECF0}.Release|Any CPU.Build.0 = Release|Any CPU
		{6213B744-30D0-4FC4-8F77-7D93152DECF0}.Release|x64.ActiveCfg = Release|Any CPU
		{6213B744-30D0-4FC4-8F77-7D93152DECF0}.Release|x64.Build.0 = Release|Any CPU
		{6213B744-30D0-4FC4-8F77-7D93152DECF0}.Release|x86.ActiveCfg = Release|Any CPU
		{6213B744-30D0-4FC4-8F77-7D93152DECF0}.Release|x86.Build.0 = Release|Any CPU
		{6213B744-30D0-4FC4-8F77-7D93152DECF0}.ReleaseCrypto|Any CPU.ActiveCfg = Release|Any CPU
		{6213B744-30D0-4FC4-8F77-7D93152DECF0}.ReleaseCrypto|Any CPU.Build.0 = Release|Any CPU
		{6213B744-30D0-4FC4-8F77-7D93152DECF0}.ReleaseCrypto|x64.ActiveCfg = Release|Any CPU
		{6213B744-30D0-4FC4-8F77-7D93152DECF0}.ReleaseCrypto|x64.Build.0 = Release|Any CPU
		{6213B744-30D0-4FC4-8F77-7D93152DECF0}.ReleaseCrypto|x86.ActiveCfg = Release|Any CPU
		{6213B744-30D0-4FC4-8F77-7D93152DECF0}.ReleaseCrypto|x86.Build.0 = Release|Any CPU
		{6213B744-30D0-4FC4-8F77-7D93152DECF0}.ReleaseD|Any CPU.ActiveCfg = Release|Any CPU
		{6213B744-30D0-4FC4-8F77-7D93152DECF0}.ReleaseD|Any CPU.Build.0 = Release|Any CPU
		{6213B744-30D0-4FC4-8F77-7D93152DECF0}.ReleaseD|x64.ActiveCfg = Release|Any CPU
		{6213B744-30D0-4FC4-8F77-7D93152DECF0}.ReleaseD|x64.Build.0 = Release|Any CPU
		{6213B744-30D0-4FC4-8F77-7D93152DECF0}.ReleaseD|x86.ActiveCfg = Release|Any CPU
		{6213B744-30D0-4FC4-8F77-7D93152DECF0}.ReleaseD|x86.Build.0 = Release|Any CPU
		{6213B744-30D0-4FC4-8F77-7D93152DECF0}.ReleaseDash|Any CPU.ActiveCfg = Release|Any CPU
		{6213B744-30D0-4FC4-8F77-7D93152DECF0}.ReleaseDash|Any CPU.Build.0 = Release|Any CPU
		{6213B744-30D0-4FC4-8F77-7D93152DECF0}.ReleaseDash|x64.ActiveCfg = Release|Any CPU
		{6213B744-30D0-4FC4-8F77-7D93152DECF0}.ReleaseDash|x64.Build.0 = Release|Any CPU
		{6213B744-30D0-4FC4-8F77-7D93152DECF0}.ReleaseDash|x86.ActiveCfg = Release|Any CPU
		{6213B744-30D0-4FC4-8F77-7D93152DECF0}.ReleaseDash|x86.Build.0 = Release|Any CPU
		{6213B744-30D0-4FC4-8F77-7D93152DECF0}.ReleaseL|Any CPU.ActiveCfg = Release|Any CPU
		{6213B744-30D0-4FC4-8F77-7D93152DECF0}.ReleaseL|Any CPU.Build.0 = Release|Any CPU
		{6213B744-30D0-4FC4-8F77-7D93152DECF0}.ReleaseL|x64.ActiveCfg = Release|Any CPU
		{6213B744-30D0-4FC4-8F77-7D93152DECF0}.ReleaseL|x64.Build.0 = Release|Any CPU
		{6213B744-30D0-4FC4-8F77-7D93152DECF0}.ReleaseL|x86.ActiveCfg = Release|Any CPU
		{6213B744-30D0-4FC4-8F77-7D93152DECF0}.ReleaseL|x86.Build.0 = Release|Any CPU
		{6213B744-30D0-4FC4-8F77-7D93152DECF0}.ReleaseToto15|Any CPU.ActiveCfg = Release|Any CPU
		{6213B744-30D0-4FC4-8F77-7D93152DECF0}.ReleaseToto15|Any CPU.Build.0 = Release|Any CPU
		{6213B744-30D0-4FC4-8F77-7D93152DECF0}.ReleaseToto15|x64.ActiveCfg = Release|Any CPU
		{6213B744-30D0-4FC4-8F77-7D93152DECF0}.ReleaseToto15|x64.Build.0 = Release|Any CPU
		{6213B744-30D0-4FC4-8F77-7D93152DECF0}.ReleaseToto15|x86.ActiveCfg = Release|Any CPU
		{6213B744-30D0-4FC4-8F77-7D93152DECF0}.ReleaseToto15|x86.Build.0 = Release|Any CPU
		{6213B744-30D0-4FC4-8F77-7D93152DECF0}.ReleaseTotoCF|Any CPU.ActiveCfg = Release|Any CPU
		{6213B744-30D0-4FC4-8F77-7D93152DECF0}.ReleaseTotoCF|Any CPU.Build.0 = Release|Any CPU
		{6213B744-30D0-4FC4-8F77-7D93152DECF0}.ReleaseTotoCF|x64.ActiveCfg = Release|Any CPU
		{6213B744-30D0-4FC4-8F77-7D93152DECF0}.ReleaseTotoCF|x64.Build.0 = Release|Any CPU
		{6213B744-30D0-4FC4-8F77-7D93152DECF0}.ReleaseTotoCF|x86.ActiveCfg = Release|Any CPU
		{6213B744-30D0-4FC4-8F77-7D93152DECF0}.ReleaseTotoCF|x86.Build.0 = Release|Any CPU
		{6213B744-30D0-4FC4-8F77-7D93152DECF0}.SharedRead|Any CPU.ActiveCfg = Release|Any CPU
		{6213B744-30D0-4FC4-8F77-7D93152DECF0}.SharedRead|Any CPU.Build.0 = Release|Any CPU
		{6213B744-30D0-4FC4-8F77-7D93152DECF0}.SharedRead|x64.ActiveCfg = Release|Any CPU
		{6213B744-30D0-4FC4-8F77-7D93152DECF0}.SharedRead|x64.Build.0 = Release|Any CPU
		{6213B744-30D0-4FC4-8F77-7D93152DECF0}.SharedRead|x86.ActiveCfg = Release|Any CPU
		{6213B744-30D0-4FC4-8F77-7D93152DECF0}.SharedRead|x86.Build.0 = Release|Any CPU
		{6213B744-30D0-4FC4-8F77-7D93152DECF0}.SuperLotto|Any CPU.ActiveCfg = Release|Any CPU
		{6213B744-30D0-4FC4-8F77-7D93152DECF0}.SuperLotto|Any CPU.Build.0 = Release|Any CPU
		{6213B744-30D0-4FC4-8F77-7D93152DECF0}.SuperLotto|x64.ActiveCfg = Release|Any CPU
		{6213B744-30D0-4FC4-8F77-7D93152DECF0}.SuperLotto|x64.Build.0 = Release|Any CPU
		{6213B744-30D0-4FC4-8F77-7D93152DECF0}.SuperLotto|x86.ActiveCfg = Release|Any CPU
		{6213B744-30D0-4FC4-8F77-7D93152DECF0}.SuperLotto|x86.Build.0 = Release|Any CPU
		{6213B744-30D0-4FC4-8F77-7D93152DECF0}.SuperLottoTest|Any CPU.ActiveCfg = Release|Any CPU
		{6213B744-30D0-4FC4-8F77-7D93152DECF0}.SuperLottoTest|Any CPU.Build.0 = Release|Any CPU
		{6213B744-30D0-4FC4-8F77-7D93152DECF0}.SuperLottoTest|x64.ActiveCfg = Release|Any CPU
		{6213B744-30D0-4FC4-8F77-7D93152DECF0}.SuperLottoTest|x64.Build.0 = Release|Any CPU
		{6213B744-30D0-4FC4-8F77-7D93152DECF0}.SuperLottoTest|x86.ActiveCfg = Release|Any CPU
		{6213B744-30D0-4FC4-8F77-7D93152DECF0}.SuperLottoTest|x86.Build.0 = Release|Any CPU
		{6213B744-30D0-4FC4-8F77-7D93152DECF0}.Test|Any CPU.ActiveCfg = Release|Any CPU
		{6213B744-30D0-4FC4-8F77-7D93152DECF0}.Test|Any CPU.Build.0 = Release|Any CPU
		{6213B744-30D0-4FC4-8F77-7D93152DECF0}.Test|x64.ActiveCfg = Release|Any CPU
		{6213B744-30D0-4FC4-8F77-7D93152DECF0}.Test|x64.Build.0 = Release|Any CPU
		{6213B744-30D0-4FC4-8F77-7D93152DECF0}.Test|x86.ActiveCfg = Release|Any CPU
		{6213B744-30D0-4FC4-8F77-7D93152DECF0}.Test|x86.Build.0 = Release|Any CPU
		{6213B744-30D0-4FC4-8F77-7D93152DECF0}.TestAsia|Any CPU.ActiveCfg = Release|Any CPU
		{6213B744-30D0-4FC4-8F77-7D93152DECF0}.TestAsia|Any CPU.Build.0 = Release|Any CPU
		{6213B744-30D0-4FC4-8F77-7D93152DECF0}.TestAsia|x64.ActiveCfg = Release|Any CPU
		{6213B744-30D0-4FC4-8F77-7D93152DECF0}.TestAsia|x64.Build.0 = Release|Any CPU
		{6213B744-30D0-4FC4-8F77-7D93152DECF0}.TestAsia|x86.ActiveCfg = Release|Any CPU
		{6213B744-30D0-4FC4-8F77-7D93152DECF0}.TestAsia|x86.Build.0 = Release|Any CPU
		{6213B744-30D0-4FC4-8F77-7D93152DECF0}.TestProd|Any CPU.ActiveCfg = Release|Any CPU
		{6213B744-30D0-4FC4-8F77-7D93152DECF0}.TestProd|Any CPU.Build.0 = Release|Any CPU
		{6213B744-30D0-4FC4-8F77-7D93152DECF0}.TestProd|x64.ActiveCfg = Release|Any CPU
		{6213B744-30D0-4FC4-8F77-7D93152DECF0}.TestProd|x64.Build.0 = Release|Any CPU
		{6213B744-30D0-4FC4-8F77-7D93152DECF0}.TestProd|x86.ActiveCfg = Release|Any CPU
		{6213B744-30D0-4FC4-8F77-7D93152DECF0}.TestProd|x86.Build.0 = Release|Any CPU
		{6213B744-30D0-4FC4-8F77-7D93152DECF0}.TestTelegram|Any CPU.ActiveCfg = Release|Any CPU
		{6213B744-30D0-4FC4-8F77-7D93152DECF0}.TestTelegram|Any CPU.Build.0 = Release|Any CPU
		{6213B744-30D0-4FC4-8F77-7D93152DECF0}.TestTelegram|x64.ActiveCfg = Release|Any CPU
		{6213B744-30D0-4FC4-8F77-7D93152DECF0}.TestTelegram|x64.Build.0 = Release|Any CPU
		{6213B744-30D0-4FC4-8F77-7D93152DECF0}.TestTelegram|x86.ActiveCfg = Release|Any CPU
		{6213B744-30D0-4FC4-8F77-7D93152DECF0}.TestTelegram|x86.Build.0 = Release|Any CPU
		{6213B744-30D0-4FC4-8F77-7D93152DECF0}.TestWeb|Any CPU.ActiveCfg = Release|Any CPU
		{6213B744-30D0-4FC4-8F77-7D93152DECF0}.TestWeb|Any CPU.Build.0 = Release|Any CPU
		{6213B744-30D0-4FC4-8F77-7D93152DECF0}.TestWeb|x64.ActiveCfg = Release|Any CPU
		{6213B744-30D0-4FC4-8F77-7D93152DECF0}.TestWeb|x64.Build.0 = Release|Any CPU
		{6213B744-30D0-4FC4-8F77-7D93152DECF0}.TestWeb|x86.ActiveCfg = Release|Any CPU
		{6213B744-30D0-4FC4-8F77-7D93152DECF0}.TestWeb|x86.Build.0 = Release|Any CPU
		{6213B744-30D0-4FC4-8F77-7D93152DECF0}.VivaroSlots|Any CPU.ActiveCfg = Release|Any CPU
		{6213B744-30D0-4FC4-8F77-7D93152DECF0}.VivaroSlots|Any CPU.Build.0 = Release|Any CPU
		{6213B744-30D0-4FC4-8F77-7D93152DECF0}.VivaroSlots|x64.ActiveCfg = Release|Any CPU
		{6213B744-30D0-4FC4-8F77-7D93152DECF0}.VivaroSlots|x64.Build.0 = Release|Any CPU
		{6213B744-30D0-4FC4-8F77-7D93152DECF0}.VivaroSlots|x86.ActiveCfg = Release|Any CPU
		{6213B744-30D0-4FC4-8F77-7D93152DECF0}.VivaroSlots|x86.Build.0 = Release|Any CPU
		{6213B744-30D0-4FC4-8F77-7D93152DECF0}.Zero|Any CPU.ActiveCfg = Release|Any CPU
		{6213B744-30D0-4FC4-8F77-7D93152DECF0}.Zero|Any CPU.Build.0 = Release|Any CPU
		{6213B744-30D0-4FC4-8F77-7D93152DECF0}.Zero|x64.ActiveCfg = Release|Any CPU
		{6213B744-30D0-4FC4-8F77-7D93152DECF0}.Zero|x64.Build.0 = Release|Any CPU
		{6213B744-30D0-4FC4-8F77-7D93152DECF0}.Zero|x86.ActiveCfg = Release|Any CPU
		{6213B744-30D0-4FC4-8F77-7D93152DECF0}.Zero|x86.Build.0 = Release|Any CPU
		{1887DB28-8A72-4F4C-BA04-296FB5375B19}.Asia|Any CPU.ActiveCfg = Release|Any CPU
		{1887DB28-8A72-4F4C-BA04-296FB5375B19}.Asia|Any CPU.Build.0 = Release|Any CPU
		{1887DB28-8A72-4F4C-BA04-296FB5375B19}.Asia|x64.ActiveCfg = Release|Any CPU
		{1887DB28-8A72-4F4C-BA04-296FB5375B19}.Asia|x64.Build.0 = Release|Any CPU
		{1887DB28-8A72-4F4C-BA04-296FB5375B19}.Asia|x86.ActiveCfg = Release|Any CPU
		{1887DB28-8A72-4F4C-BA04-296FB5375B19}.Asia|x86.Build.0 = Release|Any CPU
		{1887DB28-8A72-4F4C-BA04-296FB5375B19}.Bears|Any CPU.ActiveCfg = Release|Any CPU
		{1887DB28-8A72-4F4C-BA04-296FB5375B19}.Bears|Any CPU.Build.0 = Release|Any CPU
		{1887DB28-8A72-4F4C-BA04-296FB5375B19}.Bears|x64.ActiveCfg = Release|Any CPU
		{1887DB28-8A72-4F4C-BA04-296FB5375B19}.Bears|x64.Build.0 = Release|Any CPU
		{1887DB28-8A72-4F4C-BA04-296FB5375B19}.Bears|x86.ActiveCfg = Release|Any CPU
		{1887DB28-8A72-4F4C-BA04-296FB5375B19}.Bears|x86.Build.0 = Release|Any CPU
		{1887DB28-8A72-4F4C-BA04-296FB5375B19}.Bulls|Any CPU.ActiveCfg = Release|Any CPU
		{1887DB28-8A72-4F4C-BA04-296FB5375B19}.Bulls|Any CPU.Build.0 = Release|Any CPU
		{1887DB28-8A72-4F4C-BA04-296FB5375B19}.Bulls|x64.ActiveCfg = Release|Any CPU
		{1887DB28-8A72-4F4C-BA04-296FB5375B19}.Bulls|x64.Build.0 = Release|Any CPU
		{1887DB28-8A72-4F4C-BA04-296FB5375B19}.Bulls|x86.ActiveCfg = Release|Any CPU
		{1887DB28-8A72-4F4C-BA04-296FB5375B19}.Bulls|x86.Build.0 = Release|Any CPU
		{1887DB28-8A72-4F4C-BA04-296FB5375B19}.CorrectionParser|Any CPU.ActiveCfg = Release|Any CPU
		{1887DB28-8A72-4F4C-BA04-296FB5375B19}.CorrectionParser|Any CPU.Build.0 = Release|Any CPU
		{1887DB28-8A72-4F4C-BA04-296FB5375B19}.CorrectionParser|x64.ActiveCfg = Release|Any CPU
		{1887DB28-8A72-4F4C-BA04-296FB5375B19}.CorrectionParser|x64.Build.0 = Release|Any CPU
		{1887DB28-8A72-4F4C-BA04-296FB5375B19}.CorrectionParser|x86.ActiveCfg = Release|Any CPU
		{1887DB28-8A72-4F4C-BA04-296FB5375B19}.CorrectionParser|x86.Build.0 = Release|Any CPU
		{1887DB28-8A72-4F4C-BA04-296FB5375B19}.Cyber|Any CPU.ActiveCfg = Release|Any CPU
		{1887DB28-8A72-4F4C-BA04-296FB5375B19}.Cyber|Any CPU.Build.0 = Release|Any CPU
		{1887DB28-8A72-4F4C-BA04-296FB5375B19}.Cyber|x64.ActiveCfg = Release|Any CPU
		{1887DB28-8A72-4F4C-BA04-296FB5375B19}.Cyber|x64.Build.0 = Release|Any CPU
		{1887DB28-8A72-4F4C-BA04-296FB5375B19}.Cyber|x86.ActiveCfg = Release|Any CPU
		{1887DB28-8A72-4F4C-BA04-296FB5375B19}.Cyber|x86.Build.0 = Release|Any CPU
		{1887DB28-8A72-4F4C-BA04-296FB5375B19}.Debug|Any CPU.ActiveCfg = Debug|Any CPU
		{1887DB28-8A72-4F4C-BA04-296FB5375B19}.Debug|Any CPU.Build.0 = Debug|Any CPU
		{1887DB28-8A72-4F4C-BA04-296FB5375B19}.Debug|x64.ActiveCfg = Debug|Any CPU
		{1887DB28-8A72-4F4C-BA04-296FB5375B19}.Debug|x64.Build.0 = Debug|Any CPU
		{1887DB28-8A72-4F4C-BA04-296FB5375B19}.Debug|x86.ActiveCfg = Debug|Any CPU
		{1887DB28-8A72-4F4C-BA04-296FB5375B19}.Debug|x86.Build.0 = Debug|Any CPU
		{1887DB28-8A72-4F4C-BA04-296FB5375B19}.DebugToto15|Any CPU.ActiveCfg = Debug|Any CPU
		{1887DB28-8A72-4F4C-BA04-296FB5375B19}.DebugToto15|Any CPU.Build.0 = Debug|Any CPU
		{1887DB28-8A72-4F4C-BA04-296FB5375B19}.DebugToto15|x64.ActiveCfg = Debug|Any CPU
		{1887DB28-8A72-4F4C-BA04-296FB5375B19}.DebugToto15|x64.Build.0 = Debug|Any CPU
		{1887DB28-8A72-4F4C-BA04-296FB5375B19}.DebugToto15|x86.ActiveCfg = Debug|Any CPU
		{1887DB28-8A72-4F4C-BA04-296FB5375B19}.DebugToto15|x86.Build.0 = Debug|Any CPU
		{1887DB28-8A72-4F4C-BA04-296FB5375B19}.DebugTotoCF|Any CPU.ActiveCfg = Debug|Any CPU
		{1887DB28-8A72-4F4C-BA04-296FB5375B19}.DebugTotoCF|Any CPU.Build.0 = Debug|Any CPU
		{1887DB28-8A72-4F4C-BA04-296FB5375B19}.DebugTotoCF|x64.ActiveCfg = Debug|Any CPU
		{1887DB28-8A72-4F4C-BA04-296FB5375B19}.DebugTotoCF|x64.Build.0 = Debug|Any CPU
		{1887DB28-8A72-4F4C-BA04-296FB5375B19}.DebugTotoCF|x86.ActiveCfg = Debug|Any CPU
		{1887DB28-8A72-4F4C-BA04-296FB5375B19}.DebugTotoCF|x86.Build.0 = Debug|Any CPU
		{1887DB28-8A72-4F4C-BA04-296FB5375B19}.GRCash|Any CPU.ActiveCfg = Release|Any CPU
		{1887DB28-8A72-4F4C-BA04-296FB5375B19}.GRCash|Any CPU.Build.0 = Release|Any CPU
		{1887DB28-8A72-4F4C-BA04-296FB5375B19}.GRCash|x64.ActiveCfg = Release|Any CPU
		{1887DB28-8A72-4F4C-BA04-296FB5375B19}.GRCash|x64.Build.0 = Release|Any CPU
		{1887DB28-8A72-4F4C-BA04-296FB5375B19}.GRCash|x86.ActiveCfg = Release|Any CPU
		{1887DB28-8A72-4F4C-BA04-296FB5375B19}.GRCash|x86.Build.0 = Release|Any CPU
		{1887DB28-8A72-4F4C-BA04-296FB5375B19}.ProdTelegram|Any CPU.ActiveCfg = Release|Any CPU
		{1887DB28-8A72-4F4C-BA04-296FB5375B19}.ProdTelegram|Any CPU.Build.0 = Release|Any CPU
		{1887DB28-8A72-4F4C-BA04-296FB5375B19}.ProdTelegram|x64.ActiveCfg = Release|Any CPU
		{1887DB28-8A72-4F4C-BA04-296FB5375B19}.ProdTelegram|x64.Build.0 = Release|Any CPU
		{1887DB28-8A72-4F4C-BA04-296FB5375B19}.ProdTelegram|x86.ActiveCfg = Release|Any CPU
		{1887DB28-8A72-4F4C-BA04-296FB5375B19}.ProdTelegram|x86.Build.0 = Release|Any CPU
		{1887DB28-8A72-4F4C-BA04-296FB5375B19}.ProdWeb|Any CPU.ActiveCfg = Release|Any CPU
		{1887DB28-8A72-4F4C-BA04-296FB5375B19}.ProdWeb|Any CPU.Build.0 = Release|Any CPU
		{1887DB28-8A72-4F4C-BA04-296FB5375B19}.ProdWeb|x64.ActiveCfg = Release|Any CPU
		{1887DB28-8A72-4F4C-BA04-296FB5375B19}.ProdWeb|x64.Build.0 = Release|Any CPU
		{1887DB28-8A72-4F4C-BA04-296FB5375B19}.ProdWeb|x86.ActiveCfg = Release|Any CPU
		{1887DB28-8A72-4F4C-BA04-296FB5375B19}.ProdWeb|x86.Build.0 = Release|Any CPU
		{1887DB28-8A72-4F4C-BA04-296FB5375B19}.Release|Any CPU.ActiveCfg = Release|Any CPU
		{1887DB28-8A72-4F4C-BA04-296FB5375B19}.Release|Any CPU.Build.0 = Release|Any CPU
		{1887DB28-8A72-4F4C-BA04-296FB5375B19}.Release|x64.ActiveCfg = Release|Any CPU
		{1887DB28-8A72-4F4C-BA04-296FB5375B19}.Release|x64.Build.0 = Release|Any CPU
		{1887DB28-8A72-4F4C-BA04-296FB5375B19}.Release|x86.ActiveCfg = Release|Any CPU
		{1887DB28-8A72-4F4C-BA04-296FB5375B19}.Release|x86.Build.0 = Release|Any CPU
		{1887DB28-8A72-4F4C-BA04-296FB5375B19}.ReleaseCrypto|Any CPU.ActiveCfg = Release|Any CPU
		{1887DB28-8A72-4F4C-BA04-296FB5375B19}.ReleaseCrypto|Any CPU.Build.0 = Release|Any CPU
		{1887DB28-8A72-4F4C-BA04-296FB5375B19}.ReleaseCrypto|x64.ActiveCfg = Release|Any CPU
		{1887DB28-8A72-4F4C-BA04-296FB5375B19}.ReleaseCrypto|x64.Build.0 = Release|Any CPU
		{1887DB28-8A72-4F4C-BA04-296FB5375B19}.ReleaseCrypto|x86.ActiveCfg = Release|Any CPU
		{1887DB28-8A72-4F4C-BA04-296FB5375B19}.ReleaseCrypto|x86.Build.0 = Release|Any CPU
		{1887DB28-8A72-4F4C-BA04-296FB5375B19}.ReleaseD|Any CPU.ActiveCfg = Release|Any CPU
		{1887DB28-8A72-4F4C-BA04-296FB5375B19}.ReleaseD|Any CPU.Build.0 = Release|Any CPU
		{1887DB28-8A72-4F4C-BA04-296FB5375B19}.ReleaseD|x64.ActiveCfg = Release|Any CPU
		{1887DB28-8A72-4F4C-BA04-296FB5375B19}.ReleaseD|x64.Build.0 = Release|Any CPU
		{1887DB28-8A72-4F4C-BA04-296FB5375B19}.ReleaseD|x86.ActiveCfg = Release|Any CPU
		{1887DB28-8A72-4F4C-BA04-296FB5375B19}.ReleaseD|x86.Build.0 = Release|Any CPU
		{1887DB28-8A72-4F4C-BA04-296FB5375B19}.ReleaseDash|Any CPU.ActiveCfg = Release|Any CPU
		{1887DB28-8A72-4F4C-BA04-296FB5375B19}.ReleaseDash|Any CPU.Build.0 = Release|Any CPU
		{1887DB28-8A72-4F4C-BA04-296FB5375B19}.ReleaseDash|x64.ActiveCfg = Release|Any CPU
		{1887DB28-8A72-4F4C-BA04-296FB5375B19}.ReleaseDash|x64.Build.0 = Release|Any CPU
		{1887DB28-8A72-4F4C-BA04-296FB5375B19}.ReleaseDash|x86.ActiveCfg = Release|Any CPU
		{1887DB28-8A72-4F4C-BA04-296FB5375B19}.ReleaseDash|x86.Build.0 = Release|Any CPU
		{1887DB28-8A72-4F4C-BA04-296FB5375B19}.ReleaseL|Any CPU.ActiveCfg = Release|Any CPU
		{1887DB28-8A72-4F4C-BA04-296FB5375B19}.ReleaseL|Any CPU.Build.0 = Release|Any CPU
		{1887DB28-8A72-4F4C-BA04-296FB5375B19}.ReleaseL|x64.ActiveCfg = Release|Any CPU
		{1887DB28-8A72-4F4C-BA04-296FB5375B19}.ReleaseL|x64.Build.0 = Release|Any CPU
		{1887DB28-8A72-4F4C-BA04-296FB5375B19}.ReleaseL|x86.ActiveCfg = Release|Any CPU
		{1887DB28-8A72-4F4C-BA04-296FB5375B19}.ReleaseL|x86.Build.0 = Release|Any CPU
		{1887DB28-8A72-4F4C-BA04-296FB5375B19}.ReleaseToto15|Any CPU.ActiveCfg = Release|Any CPU
		{1887DB28-8A72-4F4C-BA04-296FB5375B19}.ReleaseToto15|Any CPU.Build.0 = Release|Any CPU
		{1887DB28-8A72-4F4C-BA04-296FB5375B19}.ReleaseToto15|x64.ActiveCfg = Release|Any CPU
		{1887DB28-8A72-4F4C-BA04-296FB5375B19}.ReleaseToto15|x64.Build.0 = Release|Any CPU
		{1887DB28-8A72-4F4C-BA04-296FB5375B19}.ReleaseToto15|x86.ActiveCfg = Release|Any CPU
		{1887DB28-8A72-4F4C-BA04-296FB5375B19}.ReleaseToto15|x86.Build.0 = Release|Any CPU
		{1887DB28-8A72-4F4C-BA04-296FB5375B19}.ReleaseTotoCF|Any CPU.ActiveCfg = Release|Any CPU
		{1887DB28-8A72-4F4C-BA04-296FB5375B19}.ReleaseTotoCF|Any CPU.Build.0 = Release|Any CPU
		{1887DB28-8A72-4F4C-BA04-296FB5375B19}.ReleaseTotoCF|x64.ActiveCfg = Release|Any CPU
		{1887DB28-8A72-4F4C-BA04-296FB5375B19}.ReleaseTotoCF|x64.Build.0 = Release|Any CPU
		{1887DB28-8A72-4F4C-BA04-296FB5375B19}.ReleaseTotoCF|x86.ActiveCfg = Release|Any CPU
		{1887DB28-8A72-4F4C-BA04-296FB5375B19}.ReleaseTotoCF|x86.Build.0 = Release|Any CPU
		{1887DB28-8A72-4F4C-BA04-296FB5375B19}.SharedRead|Any CPU.ActiveCfg = Release|Any CPU
		{1887DB28-8A72-4F4C-BA04-296FB5375B19}.SharedRead|Any CPU.Build.0 = Release|Any CPU
		{1887DB28-8A72-4F4C-BA04-296FB5375B19}.SharedRead|x64.ActiveCfg = Release|Any CPU
		{1887DB28-8A72-4F4C-BA04-296FB5375B19}.SharedRead|x64.Build.0 = Release|Any CPU
		{1887DB28-8A72-4F4C-BA04-296FB5375B19}.SharedRead|x86.ActiveCfg = Release|Any CPU
		{1887DB28-8A72-4F4C-BA04-296FB5375B19}.SharedRead|x86.Build.0 = Release|Any CPU
		{1887DB28-8A72-4F4C-BA04-296FB5375B19}.SuperLotto|Any CPU.ActiveCfg = Release|Any CPU
		{1887DB28-8A72-4F4C-BA04-296FB5375B19}.SuperLotto|Any CPU.Build.0 = Release|Any CPU
		{1887DB28-8A72-4F4C-BA04-296FB5375B19}.SuperLotto|x64.ActiveCfg = Release|Any CPU
		{1887DB28-8A72-4F4C-BA04-296FB5375B19}.SuperLotto|x64.Build.0 = Release|Any CPU
		{1887DB28-8A72-4F4C-BA04-296FB5375B19}.SuperLotto|x86.ActiveCfg = Release|Any CPU
		{1887DB28-8A72-4F4C-BA04-296FB5375B19}.SuperLotto|x86.Build.0 = Release|Any CPU
		{1887DB28-8A72-4F4C-BA04-296FB5375B19}.SuperLottoTest|Any CPU.ActiveCfg = Release|Any CPU
		{1887DB28-8A72-4F4C-BA04-296FB5375B19}.SuperLottoTest|Any CPU.Build.0 = Release|Any CPU
		{1887DB28-8A72-4F4C-BA04-296FB5375B19}.SuperLottoTest|x64.ActiveCfg = Release|Any CPU
		{1887DB28-8A72-4F4C-BA04-296FB5375B19}.SuperLottoTest|x64.Build.0 = Release|Any CPU
		{1887DB28-8A72-4F4C-BA04-296FB5375B19}.SuperLottoTest|x86.ActiveCfg = Release|Any CPU
		{1887DB28-8A72-4F4C-BA04-296FB5375B19}.SuperLottoTest|x86.Build.0 = Release|Any CPU
		{1887DB28-8A72-4F4C-BA04-296FB5375B19}.Test|Any CPU.ActiveCfg = Release|Any CPU
		{1887DB28-8A72-4F4C-BA04-296FB5375B19}.Test|Any CPU.Build.0 = Release|Any CPU
		{1887DB28-8A72-4F4C-BA04-296FB5375B19}.Test|x64.ActiveCfg = Release|Any CPU
		{1887DB28-8A72-4F4C-BA04-296FB5375B19}.Test|x64.Build.0 = Release|Any CPU
		{1887DB28-8A72-4F4C-BA04-296FB5375B19}.Test|x86.ActiveCfg = Release|Any CPU
		{1887DB28-8A72-4F4C-BA04-296FB5375B19}.Test|x86.Build.0 = Release|Any CPU
		{1887DB28-8A72-4F4C-BA04-296FB5375B19}.TestAsia|Any CPU.ActiveCfg = Release|Any CPU
		{1887DB28-8A72-4F4C-BA04-296FB5375B19}.TestAsia|Any CPU.Build.0 = Release|Any CPU
		{1887DB28-8A72-4F4C-BA04-296FB5375B19}.TestAsia|x64.ActiveCfg = Release|Any CPU
		{1887DB28-8A72-4F4C-BA04-296FB5375B19}.TestAsia|x64.Build.0 = Release|Any CPU
		{1887DB28-8A72-4F4C-BA04-296FB5375B19}.TestAsia|x86.ActiveCfg = Release|Any CPU
		{1887DB28-8A72-4F4C-BA04-296FB5375B19}.TestAsia|x86.Build.0 = Release|Any CPU
		{1887DB28-8A72-4F4C-BA04-296FB5375B19}.TestProd|Any CPU.ActiveCfg = Release|Any CPU
		{1887DB28-8A72-4F4C-BA04-296FB5375B19}.TestProd|Any CPU.Build.0 = Release|Any CPU
		{1887DB28-8A72-4F4C-BA04-296FB5375B19}.TestProd|x64.ActiveCfg = Release|Any CPU
		{1887DB28-8A72-4F4C-BA04-296FB5375B19}.TestProd|x64.Build.0 = Release|Any CPU
		{1887DB28-8A72-4F4C-BA04-296FB5375B19}.TestProd|x86.ActiveCfg = Release|Any CPU
		{1887DB28-8A72-4F4C-BA04-296FB5375B19}.TestProd|x86.Build.0 = Release|Any CPU
		{1887DB28-8A72-4F4C-BA04-296FB5375B19}.TestTelegram|Any CPU.ActiveCfg = Release|Any CPU
		{1887DB28-8A72-4F4C-BA04-296FB5375B19}.TestTelegram|Any CPU.Build.0 = Release|Any CPU
		{1887DB28-8A72-4F4C-BA04-296FB5375B19}.TestTelegram|x64.ActiveCfg = Release|Any CPU
		{1887DB28-8A72-4F4C-BA04-296FB5375B19}.TestTelegram|x64.Build.0 = Release|Any CPU
		{1887DB28-8A72-4F4C-BA04-296FB5375B19}.TestTelegram|x86.ActiveCfg = Release|Any CPU
		{1887DB28-8A72-4F4C-BA04-296FB5375B19}.TestTelegram|x86.Build.0 = Release|Any CPU
		{1887DB28-8A72-4F4C-BA04-296FB5375B19}.TestWeb|Any CPU.ActiveCfg = Release|Any CPU
		{1887DB28-8A72-4F4C-BA04-296FB5375B19}.TestWeb|Any CPU.Build.0 = Release|Any CPU
		{1887DB28-8A72-4F4C-BA04-296FB5375B19}.TestWeb|x64.ActiveCfg = Release|Any CPU
		{1887DB28-8A72-4F4C-BA04-296FB5375B19}.TestWeb|x64.Build.0 = Release|Any CPU
		{1887DB28-8A72-4F4C-BA04-296FB5375B19}.TestWeb|x86.ActiveCfg = Release|Any CPU
		{1887DB28-8A72-4F4C-BA04-296FB5375B19}.TestWeb|x86.Build.0 = Release|Any CPU
		{1887DB28-8A72-4F4C-BA04-296FB5375B19}.VivaroSlots|Any CPU.ActiveCfg = Release|Any CPU
		{1887DB28-8A72-4F4C-BA04-296FB5375B19}.VivaroSlots|Any CPU.Build.0 = Release|Any CPU
		{1887DB28-8A72-4F4C-BA04-296FB5375B19}.VivaroSlots|x64.ActiveCfg = Release|Any CPU
		{1887DB28-8A72-4F4C-BA04-296FB5375B19}.VivaroSlots|x64.Build.0 = Release|Any CPU
		{1887DB28-8A72-4F4C-BA04-296FB5375B19}.VivaroSlots|x86.ActiveCfg = Release|Any CPU
		{1887DB28-8A72-4F4C-BA04-296FB5375B19}.VivaroSlots|x86.Build.0 = Release|Any CPU
		{1887DB28-8A72-4F4C-BA04-296FB5375B19}.Zero|Any CPU.ActiveCfg = Release|Any CPU
		{1887DB28-8A72-4F4C-BA04-296FB5375B19}.Zero|Any CPU.Build.0 = Release|Any CPU
		{1887DB28-8A72-4F4C-BA04-296FB5375B19}.Zero|x64.ActiveCfg = Release|Any CPU
		{1887DB28-8A72-4F4C-BA04-296FB5375B19}.Zero|x64.Build.0 = Release|Any CPU
		{1887DB28-8A72-4F4C-BA04-296FB5375B19}.Zero|x86.ActiveCfg = Release|Any CPU
		{1887DB28-8A72-4F4C-BA04-296FB5375B19}.Zero|x86.Build.0 = Release|Any CPU
	EndGlobalSection
	GlobalSection(SolutionProperties) = preSolution
		HideSolutionNode = FALSE
	EndGlobalSection
	GlobalSection(NestedProjects) = preSolution
		{6213B744-30D0-4FC4-8F77-7D93152DECF0} = {A08B0B2A-F85E-49B7-AE03-A15C0C2BE1AF}
		{1887DB28-8A72-4F4C-BA04-296FB5375B19} = {A08B0B2A-F85E-49B7-AE03-A15C0C2BE1AF}
	EndGlobalSection
EndGlobal
